// !$*UTF8*$!
{
	archiveVersion = 1;
	classes = {
	};
	objectVersion = 50;
	objects = {

/* Begin PBXBuildFile section */
		1470514420B1BEF900F6FBE8 /* AppDelegate.swift in Sources */ = {isa = PBXBuildFile; fileRef = 1470514320B1BEF900F6FBE8 /* AppDelegate.swift */; };
		1470514620B1BEF900F6FBE8 /* ViewController.swift in Sources */ = {isa = PBXBuildFile; fileRef = 1470514520B1BEF900F6FBE8 /* ViewController.swift */; };
		1470514920B1BEF900F6FBE8 /* Tonnerre.xcdatamodeld in Sources */ = {isa = PBXBuildFile; fileRef = 1470514720B1BEF900F6FBE8 /* Tonnerre.xcdatamodeld */; };
		1470514B20B1BEFB00F6FBE8 /* Assets.xcassets in Resources */ = {isa = PBXBuildFile; fileRef = 1470514A20B1BEFB00F6FBE8 /* Assets.xcassets */; };
		1470514E20B1BEFB00F6FBE8 /* Main.storyboard in Resources */ = {isa = PBXBuildFile; fileRef = 1470514C20B1BEFB00F6FBE8 /* Main.storyboard */; };
		1470515A20B1BEFB00F6FBE8 /* TonnerreTests.swift in Sources */ = {isa = PBXBuildFile; fileRef = 1470515920B1BEFB00F6FBE8 /* TonnerreTests.swift */; };
		1470516520B1BEFB00F6FBE8 /* TonnerreUITests.swift in Sources */ = {isa = PBXBuildFile; fileRef = 1470516420B1BEFB00F6FBE8 /* TonnerreUITests.swift */; };
		1470517320B1C29A00F6FBE8 /* Commons.swift in Sources */ = {isa = PBXBuildFile; fileRef = 1470517220B1C29A00F6FBE8 /* Commons.swift */; };
		1470518320B1CA6800F6FBE8 /* FileSearchManager.swift in Sources */ = {isa = PBXBuildFile; fileRef = 1470518220B1CA6800F6FBE8 /* FileSearchManager.swift */; };
		1470518520B1DEDF00F6FBE8 /* FileSearchModes.swift in Sources */ = {isa = PBXBuildFile; fileRef = 1470518420B1DEDF00F6FBE8 /* FileSearchModes.swift */; };
		1470518620B1EA6000F6FBE8 /* TonnerreSearch.framework in Frameworks */ = {isa = PBXBuildFile; fileRef = 1470518020B1CA4000F6FBE8 /* TonnerreSearch.framework */; };
		1470518720B1EA6000F6FBE8 /* TonnerreSearch.framework in Embed Frameworks */ = {isa = PBXBuildFile; fileRef = 1470518020B1CA4000F6FBE8 /* TonnerreSearch.framework */; settings = {ATTRIBUTES = (CodeSignOnCopy, RemoveHeadersOnCopy, ); }; };
		1470518A20B1EF7000F6FBE8 /* FileIndexingManager.swift in Sources */ = {isa = PBXBuildFile; fileRef = 1470518920B1EF7000F6FBE8 /* FileIndexingManager.swift */; };
		1470518C20B1FE8100F6FBE8 /* alias.plist in Resources */ = {isa = PBXBuildFile; fileRef = 1470518B20B1FE8100F6FBE8 /* alias.plist */; };
/* End PBXBuildFile section */

/* Begin PBXContainerItemProxy section */
		1470515620B1BEFB00F6FBE8 /* PBXContainerItemProxy */ = {
			isa = PBXContainerItemProxy;
			containerPortal = 1470513820B1BEF900F6FBE8 /* Project object */;
			proxyType = 1;
			remoteGlobalIDString = 1470513F20B1BEF900F6FBE8;
			remoteInfo = Tonnerre;
		};
		1470516120B1BEFB00F6FBE8 /* PBXContainerItemProxy */ = {
			isa = PBXContainerItemProxy;
			containerPortal = 1470513820B1BEF900F6FBE8 /* Project object */;
			proxyType = 1;
			remoteGlobalIDString = 1470513F20B1BEF900F6FBE8;
			remoteInfo = Tonnerre;
		};
/* End PBXContainerItemProxy section */

/* Begin PBXCopyFilesBuildPhase section */
		1470518820B1EA6000F6FBE8 /* Embed Frameworks */ = {
			isa = PBXCopyFilesBuildPhase;
			buildActionMask = 2147483647;
			dstPath = "";
			dstSubfolderSpec = 10;
			files = (
				1470518720B1EA6000F6FBE8 /* TonnerreSearch.framework in Embed Frameworks */,
			);
			name = "Embed Frameworks";
			runOnlyForDeploymentPostprocessing = 0;
		};
/* End PBXCopyFilesBuildPhase section */

/* Begin PBXFileReference section */
		1470514020B1BEF900F6FBE8 /* Tonnerre.app */ = {isa = PBXFileReference; explicitFileType = wrapper.application; includeInIndex = 0; path = Tonnerre.app; sourceTree = BUILT_PRODUCTS_DIR; };
		1470514320B1BEF900F6FBE8 /* AppDelegate.swift */ = {isa = PBXFileReference; lastKnownFileType = sourcecode.swift; path = AppDelegate.swift; sourceTree = "<group>"; };
		1470514520B1BEF900F6FBE8 /* ViewController.swift */ = {isa = PBXFileReference; lastKnownFileType = sourcecode.swift; path = ViewController.swift; sourceTree = "<group>"; };
		1470514820B1BEF900F6FBE8 /* Tonnerre.xcdatamodel */ = {isa = PBXFileReference; lastKnownFileType = wrapper.xcdatamodel; path = Tonnerre.xcdatamodel; sourceTree = "<group>"; };
		1470514A20B1BEFB00F6FBE8 /* Assets.xcassets */ = {isa = PBXFileReference; lastKnownFileType = folder.assetcatalog; path = Assets.xcassets; sourceTree = "<group>"; };
		1470514D20B1BEFB00F6FBE8 /* Base */ = {isa = PBXFileReference; lastKnownFileType = file.storyboard; name = Base; path = Base.lproj/Main.storyboard; sourceTree = "<group>"; };
		1470514F20B1BEFB00F6FBE8 /* Info.plist */ = {isa = PBXFileReference; lastKnownFileType = text.plist.xml; path = Info.plist; sourceTree = "<group>"; };
		1470515020B1BEFB00F6FBE8 /* Tonnerre.entitlements */ = {isa = PBXFileReference; lastKnownFileType = text.plist.entitlements; path = Tonnerre.entitlements; sourceTree = "<group>"; };
		1470515520B1BEFB00F6FBE8 /* TonnerreTests.xctest */ = {isa = PBXFileReference; explicitFileType = wrapper.cfbundle; includeInIndex = 0; path = TonnerreTests.xctest; sourceTree = BUILT_PRODUCTS_DIR; };
		1470515920B1BEFB00F6FBE8 /* TonnerreTests.swift */ = {isa = PBXFileReference; lastKnownFileType = sourcecode.swift; path = TonnerreTests.swift; sourceTree = "<group>"; };
		1470515B20B1BEFB00F6FBE8 /* Info.plist */ = {isa = PBXFileReference; lastKnownFileType = text.plist.xml; path = Info.plist; sourceTree = "<group>"; };
		1470516020B1BEFB00F6FBE8 /* TonnerreUITests.xctest */ = {isa = PBXFileReference; explicitFileType = wrapper.cfbundle; includeInIndex = 0; path = TonnerreUITests.xctest; sourceTree = BUILT_PRODUCTS_DIR; };
		1470516420B1BEFB00F6FBE8 /* TonnerreUITests.swift */ = {isa = PBXFileReference; lastKnownFileType = sourcecode.swift; path = TonnerreUITests.swift; sourceTree = "<group>"; };
		1470516620B1BEFB00F6FBE8 /* Info.plist */ = {isa = PBXFileReference; lastKnownFileType = text.plist.xml; path = Info.plist; sourceTree = "<group>"; };
		1470517220B1C29A00F6FBE8 /* Commons.swift */ = {isa = PBXFileReference; lastKnownFileType = sourcecode.swift; path = Commons.swift; sourceTree = "<group>"; };
		1470518020B1CA4000F6FBE8 /* TonnerreSearch.framework */ = {isa = PBXFileReference; lastKnownFileType = wrapper.framework; path = TonnerreSearch.framework; sourceTree = "<group>"; };
		1470518220B1CA6800F6FBE8 /* FileSearchManager.swift */ = {isa = PBXFileReference; lastKnownFileType = sourcecode.swift; path = FileSearchManager.swift; sourceTree = "<group>"; };
		1470518420B1DEDF00F6FBE8 /* FileSearchModes.swift */ = {isa = PBXFileReference; lastKnownFileType = sourcecode.swift; path = FileSearchModes.swift; sourceTree = "<group>"; };
		1470518920B1EF7000F6FBE8 /* FileIndexingManager.swift */ = {isa = PBXFileReference; lastKnownFileType = sourcecode.swift; path = FileIndexingManager.swift; sourceTree = "<group>"; };
		1470518B20B1FE8100F6FBE8 /* alias.plist */ = {isa = PBXFileReference; lastKnownFileType = text.plist.xml; path = alias.plist; sourceTree = "<group>"; };
/* End PBXFileReference section */

/* Begin PBXFrameworksBuildPhase section */
		1470513D20B1BEF900F6FBE8 /* Frameworks */ = {
			isa = PBXFrameworksBuildPhase;
			buildActionMask = 2147483647;
			files = (
				1470518620B1EA6000F6FBE8 /* TonnerreSearch.framework in Frameworks */,
			);
			runOnlyForDeploymentPostprocessing = 0;
		};
		1470515220B1BEFB00F6FBE8 /* Frameworks */ = {
			isa = PBXFrameworksBuildPhase;
			buildActionMask = 2147483647;
			files = (
			);
			runOnlyForDeploymentPostprocessing = 0;
		};
		1470515D20B1BEFB00F6FBE8 /* Frameworks */ = {
			isa = PBXFrameworksBuildPhase;
			buildActionMask = 2147483647;
			files = (
			);
			runOnlyForDeploymentPostprocessing = 0;
		};
/* End PBXFrameworksBuildPhase section */

/* Begin PBXGroup section */
		1470513720B1BEF900F6FBE8 = {
			isa = PBXGroup;
			children = (
				1470518020B1CA4000F6FBE8 /* TonnerreSearch.framework */,
				1470514220B1BEF900F6FBE8 /* Tonnerre */,
				1470515820B1BEFB00F6FBE8 /* TonnerreTests */,
				1470516320B1BEFB00F6FBE8 /* TonnerreUITests */,
				1470514120B1BEF900F6FBE8 /* Products */,
			);
			sourceTree = "<group>";
		};
		1470514120B1BEF900F6FBE8 /* Products */ = {
			isa = PBXGroup;
			children = (
				1470514020B1BEF900F6FBE8 /* Tonnerre.app */,
				1470515520B1BEFB00F6FBE8 /* TonnerreTests.xctest */,
				1470516020B1BEFB00F6FBE8 /* TonnerreUITests.xctest */,
			);
			name = Products;
			sourceTree = "<group>";
		};
		1470514220B1BEF900F6FBE8 /* Tonnerre */ = {
			isa = PBXGroup;
			children = (
				1470514320B1BEF900F6FBE8 /* AppDelegate.swift */,
				1470518220B1CA6800F6FBE8 /* FileSearchManager.swift */,
				1470518920B1EF7000F6FBE8 /* FileIndexingManager.swift */,
				1470518420B1DEDF00F6FBE8 /* FileSearchModes.swift */,
				1470517220B1C29A00F6FBE8 /* Commons.swift */,
				1470514520B1BEF900F6FBE8 /* ViewController.swift */,
				1470514A20B1BEFB00F6FBE8 /* Assets.xcassets */,
				1470514C20B1BEFB00F6FBE8 /* Main.storyboard */,
				1470514F20B1BEFB00F6FBE8 /* Info.plist */,
				1470515020B1BEFB00F6FBE8 /* Tonnerre.entitlements */,
				1470514720B1BEF900F6FBE8 /* Tonnerre.xcdatamodeld */,
				1470518B20B1FE8100F6FBE8 /* alias.plist */,
			);
			path = Tonnerre;
			sourceTree = "<group>";
		};
		1470515820B1BEFB00F6FBE8 /* TonnerreTests */ = {
			isa = PBXGroup;
			children = (
				1470515920B1BEFB00F6FBE8 /* TonnerreTests.swift */,
				1470515B20B1BEFB00F6FBE8 /* Info.plist */,
			);
			path = TonnerreTests;
			sourceTree = "<group>";
		};
		1470516320B1BEFB00F6FBE8 /* TonnerreUITests */ = {
			isa = PBXGroup;
			children = (
				1470516420B1BEFB00F6FBE8 /* TonnerreUITests.swift */,
				1470516620B1BEFB00F6FBE8 /* Info.plist */,
			);
			path = TonnerreUITests;
			sourceTree = "<group>";
		};
/* End PBXGroup section */

/* Begin PBXNativeTarget section */
		1470513F20B1BEF900F6FBE8 /* Tonnerre */ = {
			isa = PBXNativeTarget;
			buildConfigurationList = 1470516920B1BEFB00F6FBE8 /* Build configuration list for PBXNativeTarget "Tonnerre" */;
			buildPhases = (
				1470513C20B1BEF900F6FBE8 /* Sources */,
				1470513D20B1BEF900F6FBE8 /* Frameworks */,
				1470513E20B1BEF900F6FBE8 /* Resources */,
				1470518820B1EA6000F6FBE8 /* Embed Frameworks */,
			);
			buildRules = (
			);
			dependencies = (
			);
			name = Tonnerre;
			productName = Tonnerre;
			productReference = 1470514020B1BEF900F6FBE8 /* Tonnerre.app */;
			productType = "com.apple.product-type.application";
		};
		1470515420B1BEFB00F6FBE8 /* TonnerreTests */ = {
			isa = PBXNativeTarget;
			buildConfigurationList = 1470516C20B1BEFB00F6FBE8 /* Build configuration list for PBXNativeTarget "TonnerreTests" */;
			buildPhases = (
				1470515120B1BEFB00F6FBE8 /* Sources */,
				1470515220B1BEFB00F6FBE8 /* Frameworks */,
				1470515320B1BEFB00F6FBE8 /* Resources */,
			);
			buildRules = (
			);
			dependencies = (
				1470515720B1BEFB00F6FBE8 /* PBXTargetDependency */,
			);
			name = TonnerreTests;
			productName = TonnerreTests;
			productReference = 1470515520B1BEFB00F6FBE8 /* TonnerreTests.xctest */;
			productType = "com.apple.product-type.bundle.unit-test";
		};
		1470515F20B1BEFB00F6FBE8 /* TonnerreUITests */ = {
			isa = PBXNativeTarget;
			buildConfigurationList = 1470516F20B1BEFB00F6FBE8 /* Build configuration list for PBXNativeTarget "TonnerreUITests" */;
			buildPhases = (
				1470515C20B1BEFB00F6FBE8 /* Sources */,
				1470515D20B1BEFB00F6FBE8 /* Frameworks */,
				1470515E20B1BEFB00F6FBE8 /* Resources */,
			);
			buildRules = (
			);
			dependencies = (
				1470516220B1BEFB00F6FBE8 /* PBXTargetDependency */,
			);
			name = TonnerreUITests;
			productName = TonnerreUITests;
			productReference = 1470516020B1BEFB00F6FBE8 /* TonnerreUITests.xctest */;
			productType = "com.apple.product-type.bundle.ui-testing";
		};
/* End PBXNativeTarget section */

/* Begin PBXProject section */
		1470513820B1BEF900F6FBE8 /* Project object */ = {
			isa = PBXProject;
			attributes = {
				LastSwiftUpdateCheck = 0930;
				LastUpgradeCheck = 0930;
				ORGANIZATIONNAME = "Yaxin Cheng";
				TargetAttributes = {
					1470513F20B1BEF900F6FBE8 = {
						CreatedOnToolsVersion = 9.3.1;
						SystemCapabilities = {
							com.apple.Sandbox = {
								enabled = 0;
							};
						};
					};
					1470515420B1BEFB00F6FBE8 = {
						CreatedOnToolsVersion = 9.3.1;
						TestTargetID = 1470513F20B1BEF900F6FBE8;
					};
					1470515F20B1BEFB00F6FBE8 = {
						CreatedOnToolsVersion = 9.3.1;
						TestTargetID = 1470513F20B1BEF900F6FBE8;
					};
				};
			};
			buildConfigurationList = 1470513B20B1BEF900F6FBE8 /* Build configuration list for PBXProject "Tonnerre" */;
			compatibilityVersion = "Xcode 9.3";
			developmentRegion = en;
			hasScannedForEncodings = 0;
			knownRegions = (
				en,
				Base,
			);
			mainGroup = 1470513720B1BEF900F6FBE8;
			productRefGroup = 1470514120B1BEF900F6FBE8 /* Products */;
			projectDirPath = "";
			projectRoot = "";
			targets = (
				1470513F20B1BEF900F6FBE8 /* Tonnerre */,
				1470515420B1BEFB00F6FBE8 /* TonnerreTests */,
				1470515F20B1BEFB00F6FBE8 /* TonnerreUITests */,
			);
		};
/* End PBXProject section */

/* Begin PBXResourcesBuildPhase section */
		1470513E20B1BEF900F6FBE8 /* Resources */ = {
			isa = PBXResourcesBuildPhase;
			buildActionMask = 2147483647;
			files = (
				1470514B20B1BEFB00F6FBE8 /* Assets.xcassets in Resources */,
				1470518C20B1FE8100F6FBE8 /* alias.plist in Resources */,
				1470514E20B1BEFB00F6FBE8 /* Main.storyboard in Resources */,
			);
			runOnlyForDeploymentPostprocessing = 0;
		};
		1470515320B1BEFB00F6FBE8 /* Resources */ = {
			isa = PBXResourcesBuildPhase;
			buildActionMask = 2147483647;
			files = (
			);
			runOnlyForDeploymentPostprocessing = 0;
		};
		1470515E20B1BEFB00F6FBE8 /* Resources */ = {
			isa = PBXResourcesBuildPhase;
			buildActionMask = 2147483647;
			files = (
			);
			runOnlyForDeploymentPostprocessing = 0;
		};
/* End PBXResourcesBuildPhase section */

/* Begin PBXSourcesBuildPhase section */
		1470513C20B1BEF900F6FBE8 /* Sources */ = {
			isa = PBXSourcesBuildPhase;
			buildActionMask = 2147483647;
			files = (
				1470518320B1CA6800F6FBE8 /* FileSearchManager.swift in Sources */,
				1470517320B1C29A00F6FBE8 /* Commons.swift in Sources */,
				1470514620B1BEF900F6FBE8 /* ViewController.swift in Sources */,
				1470514420B1BEF900F6FBE8 /* AppDelegate.swift in Sources */,
				1470518A20B1EF7000F6FBE8 /* FileIndexingManager.swift in Sources */,
				1470518520B1DEDF00F6FBE8 /* FileSearchModes.swift in Sources */,
				1470514920B1BEF900F6FBE8 /* Tonnerre.xcdatamodeld in Sources */,
			);
			runOnlyForDeploymentPostprocessing = 0;
		};
		1470515120B1BEFB00F6FBE8 /* Sources */ = {
			isa = PBXSourcesBuildPhase;
			buildActionMask = 2147483647;
			files = (
				1470515A20B1BEFB00F6FBE8 /* TonnerreTests.swift in Sources */,
			);
			runOnlyForDeploymentPostprocessing = 0;
		};
		1470515C20B1BEFB00F6FBE8 /* Sources */ = {
			isa = PBXSourcesBuildPhase;
			buildActionMask = 2147483647;
			files = (
				1470516520B1BEFB00F6FBE8 /* TonnerreUITests.swift in Sources */,
			);
			runOnlyForDeploymentPostprocessing = 0;
		};
/* End PBXSourcesBuildPhase section */

/* Begin PBXTargetDependency section */
		1470515720B1BEFB00F6FBE8 /* PBXTargetDependency */ = {
			isa = PBXTargetDependency;
			target = 1470513F20B1BEF900F6FBE8 /* Tonnerre */;
			targetProxy = 1470515620B1BEFB00F6FBE8 /* PBXContainerItemProxy */;
		};
		1470516220B1BEFB00F6FBE8 /* PBXTargetDependency */ = {
			isa = PBXTargetDependency;
			target = 1470513F20B1BEF900F6FBE8 /* Tonnerre */;
			targetProxy = 1470516120B1BEFB00F6FBE8 /* PBXContainerItemProxy */;
		};
/* End PBXTargetDependency section */

/* Begin PBXVariantGroup section */
		1470514C20B1BEFB00F6FBE8 /* Main.storyboard */ = {
			isa = PBXVariantGroup;
			children = (
				1470514D20B1BEFB00F6FBE8 /* Base */,
			);
			name = Main.storyboard;
			sourceTree = "<group>";
		};
/* End PBXVariantGroup section */

/* Begin XCBuildConfiguration section */
		1470516720B1BEFB00F6FBE8 /* Debug */ = {
			isa = XCBuildConfiguration;
			buildSettings = {
				ALWAYS_SEARCH_USER_PATHS = NO;
				CLANG_ANALYZER_NONNULL = YES;
				CLANG_ANALYZER_NUMBER_OBJECT_CONVERSION = YES_AGGRESSIVE;
				CLANG_CXX_LANGUAGE_STANDARD = "gnu++14";
				CLANG_CXX_LIBRARY = "libc++";
				CLANG_ENABLE_MODULES = YES;
				CLANG_ENABLE_OBJC_ARC = YES;
				CLANG_ENABLE_OBJC_WEAK = YES;
				CLANG_WARN_BLOCK_CAPTURE_AUTORELEASING = YES;
				CLANG_WARN_BOOL_CONVERSION = YES;
				CLANG_WARN_COMMA = YES;
				CLANG_WARN_CONSTANT_CONVERSION = YES;
				CLANG_WARN_DEPRECATED_OBJC_IMPLEMENTATIONS = YES;
				CLANG_WARN_DIRECT_OBJC_ISA_USAGE = YES_ERROR;
				CLANG_WARN_DOCUMENTATION_COMMENTS = YES;
				CLANG_WARN_EMPTY_BODY = YES;
				CLANG_WARN_ENUM_CONVERSION = YES;
				CLANG_WARN_INFINITE_RECURSION = YES;
				CLANG_WARN_INT_CONVERSION = YES;
				CLANG_WARN_NON_LITERAL_NULL_CONVERSION = YES;
				CLANG_WARN_OBJC_IMPLICIT_RETAIN_SELF = YES;
				CLANG_WARN_OBJC_LITERAL_CONVERSION = YES;
				CLANG_WARN_OBJC_ROOT_CLASS = YES_ERROR;
				CLANG_WARN_RANGE_LOOP_ANALYSIS = YES;
				CLANG_WARN_STRICT_PROTOTYPES = YES;
				CLANG_WARN_SUSPICIOUS_MOVE = YES;
				CLANG_WARN_UNGUARDED_AVAILABILITY = YES_AGGRESSIVE;
				CLANG_WARN_UNREACHABLE_CODE = YES;
				CLANG_WARN__DUPLICATE_METHOD_MATCH = YES;
				CODE_SIGN_IDENTITY = "-";
				COPY_PHASE_STRIP = NO;
				DEBUG_INFORMATION_FORMAT = dwarf;
				ENABLE_STRICT_OBJC_MSGSEND = YES;
				ENABLE_TESTABILITY = YES;
				GCC_C_LANGUAGE_STANDARD = gnu11;
				GCC_DYNAMIC_NO_PIC = NO;
				GCC_NO_COMMON_BLOCKS = YES;
				GCC_OPTIMIZATION_LEVEL = 0;
				GCC_PREPROCESSOR_DEFINITIONS = (
					"DEBUG=1",
					"$(inherited)",
				);
				GCC_WARN_64_TO_32_BIT_CONVERSION = YES;
				GCC_WARN_ABOUT_RETURN_TYPE = YES_ERROR;
				GCC_WARN_UNDECLARED_SELECTOR = YES;
				GCC_WARN_UNINITIALIZED_AUTOS = YES_AGGRESSIVE;
				GCC_WARN_UNUSED_FUNCTION = YES;
				GCC_WARN_UNUSED_VARIABLE = YES;
				MACOSX_DEPLOYMENT_TARGET = 10.13;
				MTL_ENABLE_DEBUG_INFO = YES;
				ONLY_ACTIVE_ARCH = YES;
				SDKROOT = macosx;
				SWIFT_ACTIVE_COMPILATION_CONDITIONS = DEBUG;
				SWIFT_OPTIMIZATION_LEVEL = "-Onone";
			};
			name = Debug;
		};
		1470516820B1BEFB00F6FBE8 /* Release */ = {
			isa = XCBuildConfiguration;
			buildSettings = {
				ALWAYS_SEARCH_USER_PATHS = NO;
				CLANG_ANALYZER_NONNULL = YES;
				CLANG_ANALYZER_NUMBER_OBJECT_CONVERSION = YES_AGGRESSIVE;
				CLANG_CXX_LANGUAGE_STANDARD = "gnu++14";
				CLANG_CXX_LIBRARY = "libc++";
				CLANG_ENABLE_MODULES = YES;
				CLANG_ENABLE_OBJC_ARC = YES;
				CLANG_ENABLE_OBJC_WEAK = YES;
				CLANG_WARN_BLOCK_CAPTURE_AUTORELEASING = YES;
				CLANG_WARN_BOOL_CONVERSION = YES;
				CLANG_WARN_COMMA = YES;
				CLANG_WARN_CONSTANT_CONVERSION = YES;
				CLANG_WARN_DEPRECATED_OBJC_IMPLEMENTATIONS = YES;
				CLANG_WARN_DIRECT_OBJC_ISA_USAGE = YES_ERROR;
				CLANG_WARN_DOCUMENTATION_COMMENTS = YES;
				CLANG_WARN_EMPTY_BODY = YES;
				CLANG_WARN_ENUM_CONVERSION = YES;
				CLANG_WARN_INFINITE_RECURSION = YES;
				CLANG_WARN_INT_CONVERSION = YES;
				CLANG_WARN_NON_LITERAL_NULL_CONVERSION = YES;
				CLANG_WARN_OBJC_IMPLICIT_RETAIN_SELF = YES;
				CLANG_WARN_OBJC_LITERAL_CONVERSION = YES;
				CLANG_WARN_OBJC_ROOT_CLASS = YES_ERROR;
				CLANG_WARN_RANGE_LOOP_ANALYSIS = YES;
				CLANG_WARN_STRICT_PROTOTYPES = YES;
				CLANG_WARN_SUSPICIOUS_MOVE = YES;
				CLANG_WARN_UNGUARDED_AVAILABILITY = YES_AGGRESSIVE;
				CLANG_WARN_UNREACHABLE_CODE = YES;
				CLANG_WARN__DUPLICATE_METHOD_MATCH = YES;
				CODE_SIGN_IDENTITY = "-";
				COPY_PHASE_STRIP = NO;
				DEBUG_INFORMATION_FORMAT = "dwarf-with-dsym";
				ENABLE_NS_ASSERTIONS = NO;
				ENABLE_STRICT_OBJC_MSGSEND = YES;
				GCC_C_LANGUAGE_STANDARD = gnu11;
				GCC_NO_COMMON_BLOCKS = YES;
				GCC_WARN_64_TO_32_BIT_CONVERSION = YES;
				GCC_WARN_ABOUT_RETURN_TYPE = YES_ERROR;
				GCC_WARN_UNDECLARED_SELECTOR = YES;
				GCC_WARN_UNINITIALIZED_AUTOS = YES_AGGRESSIVE;
				GCC_WARN_UNUSED_FUNCTION = YES;
				GCC_WARN_UNUSED_VARIABLE = YES;
				MACOSX_DEPLOYMENT_TARGET = 10.13;
				MTL_ENABLE_DEBUG_INFO = NO;
				SDKROOT = macosx;
				SWIFT_COMPILATION_MODE = wholemodule;
				SWIFT_OPTIMIZATION_LEVEL = "-O";
			};
			name = Release;
		};
		1470516A20B1BEFB00F6FBE8 /* Debug */ = {
			isa = XCBuildConfiguration;
			buildSettings = {
				ASSETCATALOG_COMPILER_APPICON_NAME = AppIcon;
				CODE_SIGN_STYLE = Automatic;
				COMBINE_HIDPI_IMAGES = YES;
				FRAMEWORK_SEARCH_PATHS = (
					"$(inherited)",
					"$(PROJECT_DIR)",
				);
				INFOPLIST_FILE = Tonnerre/Info.plist;
				LD_RUNPATH_SEARCH_PATHS = (
					"$(inherited)",
					"@executable_path/../Frameworks",
				);
				PRODUCT_BUNDLE_IDENTIFIER = com.ycheng.Tonnerre;
				PRODUCT_NAME = "$(TARGET_NAME)";
				SWIFT_VERSION = 4.0;
			};
			name = Debug;
		};
		1470516B20B1BEFB00F6FBE8 /* Release */ = {
			isa = XCBuildConfiguration;
			buildSettings = {
				ASSETCATALOG_COMPILER_APPICON_NAME = AppIcon;
				CODE_SIGN_STYLE = Automatic;
				COMBINE_HIDPI_IMAGES = YES;
				FRAMEWORK_SEARCH_PATHS = (
					"$(inherited)",
					"$(PROJECT_DIR)",
				);
				INFOPLIST_FILE = Tonnerre/Info.plist;
				LD_RUNPATH_SEARCH_PATHS = (
					"$(inherited)",
					"@executable_path/../Frameworks",
				);
				PRODUCT_BUNDLE_IDENTIFIER = com.ycheng.Tonnerre;
				PRODUCT_NAME = "$(TARGET_NAME)";
				SWIFT_VERSION = 4.0;
			};
			name = Release;
		};
		1470516D20B1BEFB00F6FBE8 /* Debug */ = {
			isa = XCBuildConfiguration;
			buildSettings = {
				ALWAYS_EMBED_SWIFT_STANDARD_LIBRARIES = YES;
				BUNDLE_LOADER = "$(TEST_HOST)";
				CODE_SIGN_STYLE = Automatic;
				COMBINE_HIDPI_IMAGES = YES;
				INFOPLIST_FILE = TonnerreTests/Info.plist;
				LD_RUNPATH_SEARCH_PATHS = (
					"$(inherited)",
					"@executable_path/../Frameworks",
					"@loader_path/../Frameworks",
				);
				PRODUCT_BUNDLE_IDENTIFIER = com.ycheng.TonnerreTests;
				PRODUCT_NAME = "$(TARGET_NAME)";
				SWIFT_VERSION = 4.0;
				TEST_HOST = "$(BUILT_PRODUCTS_DIR)/Tonnerre.app/Contents/MacOS/Tonnerre";
			};
			name = Debug;
		};
		1470516E20B1BEFB00F6FBE8 /* Release */ = {
			isa = XCBuildConfiguration;
			buildSettings = {
				ALWAYS_EMBED_SWIFT_STANDARD_LIBRARIES = YES;
				BUNDLE_LOADER = "$(TEST_HOST)";
				CODE_SIGN_STYLE = Automatic;
				COMBINE_HIDPI_IMAGES = YES;
				INFOPLIST_FILE = TonnerreTests/Info.plist;
				LD_RUNPATH_SEARCH_PATHS = (
					"$(inherited)",
					"@executable_path/../Frameworks",
					"@loader_path/../Frameworks",
				);
				PRODUCT_BUNDLE_IDENTIFIER = com.ycheng.TonnerreTests;
				PRODUCT_NAME = "$(TARGET_NAME)";
				SWIFT_VERSION = 4.0;
				TEST_HOST = "$(BUILT_PRODUCTS_DIR)/Tonnerre.app/Contents/MacOS/Tonnerre";
			};
			name = Release;
		};
		1470517020B1BEFB00F6FBE8 /* Debug */ = {
			isa = XCBuildConfiguration;
			buildSettings = {
				ALWAYS_EMBED_SWIFT_STANDARD_LIBRARIES = YES;
				CODE_SIGN_STYLE = Automatic;
				COMBINE_HIDPI_IMAGES = YES;
				INFOPLIST_FILE = TonnerreUITests/Info.plist;
				LD_RUNPATH_SEARCH_PATHS = (
					"$(inherited)",
					"@executable_path/../Frameworks",
					"@loader_path/../Frameworks",
				);
				PRODUCT_BUNDLE_IDENTIFIER = com.ycheng.TonnerreUITests;
				PRODUCT_NAME = "$(TARGET_NAME)";
				SWIFT_VERSION = 4.0;
				TEST_TARGET_NAME = Tonnerre;
			};
			name = Debug;
		};
		1470517120B1BEFB00F6FBE8 /* Release */ = {
			isa = XCBuildConfiguration;
			buildSettings = {
				ALWAYS_EMBED_SWIFT_STANDARD_LIBRARIES = YES;
				CODE_SIGN_STYLE = Automatic;
				COMBINE_HIDPI_IMAGES = YES;
				INFOPLIST_FILE = TonnerreUITests/Info.plist;
				LD_RUNPATH_SEARCH_PATHS = (
					"$(inherited)",
					"@executable_path/../Frameworks",
					"@loader_path/../Frameworks",
				);
				PRODUCT_BUNDLE_IDENTIFIER = com.ycheng.TonnerreUITests;
				PRODUCT_NAME = "$(TARGET_NAME)";
				SWIFT_VERSION = 4.0;
				TEST_TARGET_NAME = Tonnerre;
			};
			name = Release;
		};
/* End XCBuildConfiguration section */

/* Begin XCConfigurationList section */
		1470513B20B1BEF900F6FBE8 /* Build configuration list for PBXProject "Tonnerre" */ = {
			isa = XCConfigurationList;
			buildConfigurations = (
				1470516720B1BEFB00F6FBE8 /* Debug */,
				1470516820B1BEFB00F6FBE8 /* Release */,
			);
			defaultConfigurationIsVisible = 0;
			defaultConfigurationName = Release;
		};
		1470516920B1BEFB00F6FBE8 /* Build configuration list for PBXNativeTarget "Tonnerre" */ = {
			isa = XCConfigurationList;
			buildConfigurations = (
				1470516A20B1BEFB00F6FBE8 /* Debug */,
				1470516B20B1BEFB00F6FBE8 /* Release */,
			);
			defaultConfigurationIsVisible = 0;
			defaultConfigurationName = Release;
		};
		1470516C20B1BEFB00F6FBE8 /* Build configuration list for PBXNativeTarget "TonnerreTests" */ = {
			isa = XCConfigurationList;
			buildConfigurations = (
				1470516D20B1BEFB00F6FBE8 /* Debug */,
				1470516E20B1BEFB00F6FBE8 /* Release */,
			);
			defaultConfigurationIsVisible = 0;
			defaultConfigurationName = Release;
		};
		1470516F20B1BEFB00F6FBE8 /* Build configuration list for PBXNativeTarget "TonnerreUITests" */ = {
			isa = XCConfigurationList;
			buildConfigurations = (
				1470517020B1BEFB00F6FBE8 /* Debug */,
				1470517120B1BEFB00F6FBE8 /* Release */,
			);
			defaultConfigurationIsVisible = 0;
			defaultConfigurationName = Release;
		};
/* End XCConfigurationList section */

/* Begin XCVersionGroup section */
		1470514720B1BEF900F6FBE8 /* Tonnerre.xcdatamodeld */ = {
			isa = XCVersionGroup;
			children = (
				1470514820B1BEF900F6FBE8 /* Tonnerre.xcdatamodel */,
			);
			currentVersion = 1470514820B1BEF900F6FBE8 /* Tonnerre.xcdatamodel */;
			path = Tonnerre.xcdatamodeld;
			sourceTree = "<group>";
			versionGroupType = wrapper.xcdatamodel;
		};
/* End XCVersionGroup section */
	};
	rootObject = 1470513820B1BEF900F6FBE8 /* Project object */;
}
