// !$*UTF8*$!
{
	archiveVersion = 1;
	classes = {
	};
	objectVersion = 50;
	objects = {

/* Begin PBXBuildFile section */
		1405334420F66D2E00C289CF /* ClipboardService.swift in Sources */ = {isa = PBXBuildFile; fileRef = 1405334320F66D2E00C289CF /* ClipboardService.swift */; };
		1405334620F66F7400C289CF /* CBRecord+Extension.swift in Sources */ = {isa = PBXBuildFile; fileRef = 1405334520F66F7400C289CF /* CBRecord+Extension.swift */; };
		140A62CC20CB078500B759A4 /* DictionaryService.swift in Sources */ = {isa = PBXBuildFile; fileRef = 140A62CB20CB078500B759A4 /* DictionaryService.swift */; };
		1429AC7220D42B4000ABBCDE /* ServicesService.swift in Sources */ = {isa = PBXBuildFile; fileRef = 1429AC7120D42B4000ABBCDE /* ServicesService.swift */; };
		1429AC7520D435A300ABBCDE /* OnOffCell.swift in Sources */ = {isa = PBXBuildFile; fileRef = 1429AC7320D435A300ABBCDE /* OnOffCell.swift */; };
		1429AC7620D435A300ABBCDE /* OnOffCell.xib in Resources */ = {isa = PBXBuildFile; fileRef = 1429AC7420D435A300ABBCDE /* OnOffCell.xib */; };
		1429AC7820D4375500ABBCDE /* DisplayableCellProtocol.swift in Sources */ = {isa = PBXBuildFile; fileRef = 1429AC7720D4375500ABBCDE /* DisplayableCellProtocol.swift */; };
		1429AC7A20D4427B00ABBCDE /* Lottie.framework in Frameworks */ = {isa = PBXBuildFile; fileRef = 1429AC7920D4427B00ABBCDE /* Lottie.framework */; };
		1429AC7B20D4427B00ABBCDE /* Lottie.framework in Embed Frameworks */ = {isa = PBXBuildFile; fileRef = 1429AC7920D4427B00ABBCDE /* Lottie.framework */; settings = {ATTRIBUTES = (CodeSignOnCopy, RemoveHeadersOnCopy, ); }; };
		1429AC7D20D4466B00ABBCDE /* toggle_switch.json in Resources */ = {isa = PBXBuildFile; fileRef = 1429AC7C20D4466A00ABBCDE /* toggle_switch.json */; };
		144E0C1220ED2F4300E4F2DA /* ASServices.swift in Sources */ = {isa = PBXBuildFile; fileRef = 144E0C1120ED2F4300E4F2DA /* ASServices.swift */; };
		144E0C1420ED30CB00E4F2DA /* AppleScriptServiceProtocol.swift in Sources */ = {isa = PBXBuildFile; fileRef = 144E0C1320ED30CB00E4F2DA /* AppleScriptServiceProtocol.swift */; };
		144E0C1820EEA5F100E4F2DA /* ClipboardMonitor.swift in Sources */ = {isa = PBXBuildFile; fileRef = 144E0C1720EEA5F100E4F2DA /* ClipboardMonitor.swift */; };
		144F80C520B5FF75006A16BC /* Notification+Extension.swift in Sources */ = {isa = PBXBuildFile; fileRef = 144F80C420B5FF75006A16BC /* Notification+Extension.swift */; };
		144F80C920B712F3006A16BC /* IndexStorage.swift in Sources */ = {isa = PBXBuildFile; fileRef = 144F80C820B712F2006A16BC /* IndexStorage.swift */; };
		1452252020B4A794001E0D52 /* URL+Extension.swift in Sources */ = {isa = PBXBuildFile; fileRef = 1452251F20B4A794001E0D52 /* URL+Extension.swift */; };
		14561B8920C35F2C0057B4C1 /* HotKey.framework in Frameworks */ = {isa = PBXBuildFile; fileRef = 14561B8820C35F2C0057B4C1 /* HotKey.framework */; };
		14561B8A20C35F2C0057B4C1 /* HotKey.framework in Embed Frameworks */ = {isa = PBXBuildFile; fileRef = 14561B8820C35F2C0057B4C1 /* HotKey.framework */; settings = {ATTRIBUTES = (CodeSignOnCopy, RemoveHeadersOnCopy, ); }; };
		14561B8C20C444470057B4C1 /* ServiceResult.swift in Sources */ = {isa = PBXBuildFile; fileRef = 14561B8B20C444470057B4C1 /* ServiceResult.swift */; };
		14561B8E20C45A650057B4C1 /* WebService.swift in Sources */ = {isa = PBXBuildFile; fileRef = 14561B8D20C45A650057B4C1 /* WebService.swift */; };
		14561B9320C4686C0057B4C1 /* GoogleSearch.swift in Sources */ = {isa = PBXBuildFile; fileRef = 14561B9220C4686C0057B4C1 /* GoogleSearch.swift */; };
		14561B9520C4803A0057B4C1 /* AmazonSearch.swift in Sources */ = {isa = PBXBuildFile; fileRef = 14561B9420C4803A0057B4C1 /* AmazonSearch.swift */; };
		14561B9720C4892D0057B4C1 /* WikipediaSearch.swift in Sources */ = {isa = PBXBuildFile; fileRef = 14561B9620C4892D0057B4C1 /* WikipediaSearch.swift */; };
		145D056020CE1FDD0027F8DF /* CurrencyService.swift in Sources */ = {isa = PBXBuildFile; fileRef = 145D055F20CE1FDD0027F8DF /* CurrencyService.swift */; };
		145DA16920DAD70100C1E804 /* BingSearch.swift in Sources */ = {isa = PBXBuildFile; fileRef = 145DA16820DAD70100C1E804 /* BingSearch.swift */; };
		145DA16B20DADA2800C1E804 /* DuckDuckGo.swift in Sources */ = {isa = PBXBuildFile; fileRef = 145DA16A20DADA2800C1E804 /* DuckDuckGo.swift */; };
		145DA16D20DAE60600C1E804 /* DefaultSearchManage.swift in Sources */ = {isa = PBXBuildFile; fileRef = 145DA16C20DAE60600C1E804 /* DefaultSearchManage.swift */; };
		145DA17420DC243D00C1E804 /* TonnerreSuggestionSession.swift in Sources */ = {isa = PBXBuildFile; fileRef = 145DA17320DC243D00C1E804 /* TonnerreSuggestionSession.swift */; };
		146AAE6620BDD7FF009AC9C6 /* TonnerreService.swift in Sources */ = {isa = PBXBuildFile; fileRef = 146AAE6520BDD7FF009AC9C6 /* TonnerreService.swift */; };
		146AAE6820BDE096009AC9C6 /* FileSearchServices.swift in Sources */ = {isa = PBXBuildFile; fileRef = 146AAE6720BDE096009AC9C6 /* FileSearchServices.swift */; };
		146AAE6C20BDEBD9009AC9C6 /* TonnerreInterpreter.swift in Sources */ = {isa = PBXBuildFile; fileRef = 146AAE6B20BDEBD9009AC9C6 /* TonnerreInterpreter.swift */; };
		146AAE6E20BE0700009AC9C6 /* TonnerreField.swift in Sources */ = {isa = PBXBuildFile; fileRef = 146AAE6D20BE0700009AC9C6 /* TonnerreField.swift */; };
		146AAE7020BE2DEE009AC9C6 /* BaseWindow.swift in Sources */ = {isa = PBXBuildFile; fileRef = 146AAE6F20BE2DEE009AC9C6 /* BaseWindow.swift */; };
		146AAE7120BE362A009AC9C6 /* Assets.xcassets in Resources */ = {isa = PBXBuildFile; fileRef = 1470514A20B1BEFB00F6FBE8 /* Assets.xcassets */; };
		146AD8C720C9C09300D9E591 /* AppDelegate.swift in Sources */ = {isa = PBXBuildFile; fileRef = 146AD8C620C9C09300D9E591 /* AppDelegate.swift */; };
		146AD8CC20C9C09400D9E591 /* Assets.xcassets in Resources */ = {isa = PBXBuildFile; fileRef = 146AD8CB20C9C09400D9E591 /* Assets.xcassets */; };
		146AD8CF20C9C09400D9E591 /* MainMenu.xib in Resources */ = {isa = PBXBuildFile; fileRef = 146AD8CD20C9C09400D9E591 /* MainMenu.xib */; };
		146AD8D520C9C0B200D9E591 /* CoreIndexing.swift in Sources */ = {isa = PBXBuildFile; fileRef = 1470518920B1EF7000F6FBE8 /* CoreIndexing.swift */; };
		146AD8D620C9C0B700D9E591 /* FileTypeControl.swift in Sources */ = {isa = PBXBuildFile; fileRef = 14AEB30420C1F74E00D10D44 /* FileTypeControl.swift */; };
		146AD8D820C9C0C400D9E591 /* SearchMode.swift in Sources */ = {isa = PBXBuildFile; fileRef = 1470518420B1DEDF00F6FBE8 /* SearchMode.swift */; };
		146AD8D920C9C0C600D9E591 /* IndexStorage.swift in Sources */ = {isa = PBXBuildFile; fileRef = 144F80C820B712F2006A16BC /* IndexStorage.swift */; };
		146AD8DA20C9C0D300D9E591 /* TonnerreSearch.framework in Frameworks */ = {isa = PBXBuildFile; fileRef = 1470518020B1CA4000F6FBE8 /* TonnerreSearch.framework */; };
		146AD8DC20C9C10200D9E591 /* Notification+Names.swift in Sources */ = {isa = PBXBuildFile; fileRef = 146AD8DB20C9C10200D9E591 /* Notification+Names.swift */; };
		146AD8DE20C9C12A00D9E591 /* Common.swift in Sources */ = {isa = PBXBuildFile; fileRef = 146AD8DD20C9C12A00D9E591 /* Common.swift */; };
		146AD8DF20C9C1B600D9E591 /* URL+Extension.swift in Sources */ = {isa = PBXBuildFile; fileRef = 1452251F20B4A794001E0D52 /* URL+Extension.swift */; };
		146AD8E120C9C28000D9E591 /* Tonnerre.xcdatamodeld in Sources */ = {isa = PBXBuildFile; fileRef = 1470514720B1BEF900F6FBE8 /* Tonnerre.xcdatamodeld */; };
		146AD8E320C9C29300D9E591 /* TonnerreIndexHelper.xcdatamodeld in Sources */ = {isa = PBXBuildFile; fileRef = 146AD8C820C9C09300D9E591 /* TonnerreIndexHelper.xcdatamodeld */; };
		146AD8E420C9C2A900D9E591 /* FileTypeControl.swift in Sources */ = {isa = PBXBuildFile; fileRef = 14AEB30420C1F74E00D10D44 /* FileTypeControl.swift */; };
		146AD8E620C9C83700D9E591 /* TonnerreSearch.framework in Embed Frameworks */ = {isa = PBXBuildFile; fileRef = 1470518020B1CA4000F6FBE8 /* TonnerreSearch.framework */; settings = {ATTRIBUTES = (CodeSignOnCopy, RemoveHeadersOnCopy, ); }; };
		146AD8E820C9CC8C00D9E591 /* exclusionList.plist in Resources */ = {isa = PBXBuildFile; fileRef = 140F8C6E20B3668C00C69C25 /* exclusionList.plist */; };
		146AD8E920C9CC8F00D9E591 /* alias.plist in Resources */ = {isa = PBXBuildFile; fileRef = 1470518B20B1FE8100F6FBE8 /* alias.plist */; };
		146AD8EC20C9DA3500D9E591 /* TonnerreIndexHelper.app in Resources */ = {isa = PBXBuildFile; fileRef = 146AD8C420C9C09300D9E591 /* TonnerreIndexHelper.app */; };
		146AD8EE20CA12C200D9E591 /* alias.plist in Resources */ = {isa = PBXBuildFile; fileRef = 1470518B20B1FE8100F6FBE8 /* alias.plist */; };
		1470514420B1BEF900F6FBE8 /* AppDelegate.swift in Sources */ = {isa = PBXBuildFile; fileRef = 1470514320B1BEF900F6FBE8 /* AppDelegate.swift */; };
		1470514620B1BEF900F6FBE8 /* ViewController.swift in Sources */ = {isa = PBXBuildFile; fileRef = 1470514520B1BEF900F6FBE8 /* ViewController.swift */; };
		1470514E20B1BEFB00F6FBE8 /* Main.storyboard in Resources */ = {isa = PBXBuildFile; fileRef = 1470514C20B1BEFB00F6FBE8 /* Main.storyboard */; };
		1470515A20B1BEFB00F6FBE8 /* TonnerreTests.swift in Sources */ = {isa = PBXBuildFile; fileRef = 1470515920B1BEFB00F6FBE8 /* TonnerreTests.swift */; };
		1470516520B1BEFB00F6FBE8 /* TonnerreUITests.swift in Sources */ = {isa = PBXBuildFile; fileRef = 1470516420B1BEFB00F6FBE8 /* TonnerreUITests.swift */; };
		1470517320B1C29A00F6FBE8 /* Commons.swift in Sources */ = {isa = PBXBuildFile; fileRef = 1470517220B1C29A00F6FBE8 /* Commons.swift */; };
		1470518520B1DEDF00F6FBE8 /* SearchMode.swift in Sources */ = {isa = PBXBuildFile; fileRef = 1470518420B1DEDF00F6FBE8 /* SearchMode.swift */; };
		1470518620B1EA6000F6FBE8 /* TonnerreSearch.framework in Frameworks */ = {isa = PBXBuildFile; fileRef = 1470518020B1CA4000F6FBE8 /* TonnerreSearch.framework */; };
		1470518720B1EA6000F6FBE8 /* TonnerreSearch.framework in Embed Frameworks */ = {isa = PBXBuildFile; fileRef = 1470518020B1CA4000F6FBE8 /* TonnerreSearch.framework */; settings = {ATTRIBUTES = (CodeSignOnCopy, RemoveHeadersOnCopy, ); }; };
		1473A55720D848E100C2FC42 /* ReloadService.swift in Sources */ = {isa = PBXBuildFile; fileRef = 1473A55620D848E100C2FC42 /* ReloadService.swift */; };
		1481165520D2D2440013D5D2 /* PreviewItem.swift in Sources */ = {isa = PBXBuildFile; fileRef = 1481165420D2D2430013D5D2 /* PreviewItem.swift */; };
		1484147F20C5D056008FD68E /* GeneralWebServices.swift in Sources */ = {isa = PBXBuildFile; fileRef = 1484147E20C5D056008FD68E /* GeneralWebServices.swift */; };
		1484148320C63A1A008FD68E /* MapService.swift in Sources */ = {isa = PBXBuildFile; fileRef = 1484148220C63A1A008FD68E /* MapService.swift */; };
		1484148520C70263008FD68E /* SystemServices.swift in Sources */ = {isa = PBXBuildFile; fileRef = 1484148420C70263008FD68E /* SystemServices.swift */; };
		1484149020C84589008FD68E /* CalculationService.swift in Sources */ = {isa = PBXBuildFile; fileRef = 1484148F20C84589008FD68E /* CalculationService.swift */; };
		148414A520C85AC3008FD68E /* DisplayableContainer.swift in Sources */ = {isa = PBXBuildFile; fileRef = 148414A420C85AC3008FD68E /* DisplayableContainer.swift */; };
		148414A720C8675F008FD68E /* URLService.swift in Sources */ = {isa = PBXBuildFile; fileRef = 148414A620C8675F008FD68E /* URLService.swift */; };
		148DF5D520CB234E00A2E23E /* GoogleTranslateService.swift in Sources */ = {isa = PBXBuildFile; fileRef = 148DF5D420CB234E00A2E23E /* GoogleTranslateService.swift */; };
		14AEB2D120BEECA900D10D44 /* NSImage+Tint.swift in Sources */ = {isa = PBXBuildFile; fileRef = 14AEB2D020BEECA900D10D44 /* NSImage+Tint.swift */; };
		14AEB2D320BEECF000D10D44 /* TonnerreTheme.swift in Sources */ = {isa = PBXBuildFile; fileRef = 14AEB2D220BEECEF00D10D44 /* TonnerreTheme.swift */; };
		14AEB2D720BEEFF700D10D44 /* TonnerreIconView.swift in Sources */ = {isa = PBXBuildFile; fileRef = 14AEB2D620BEEFF700D10D44 /* TonnerreIconView.swift */; };
		14AEB2DB20BEFDA900D10D44 /* ServiceCell.swift in Sources */ = {isa = PBXBuildFile; fileRef = 14AEB2D920BEFDA900D10D44 /* ServiceCell.swift */; };
		14AEB2DC20BEFDA900D10D44 /* ServiceCell.xib in Resources */ = {isa = PBXBuildFile; fileRef = 14AEB2DA20BEFDA900D10D44 /* ServiceCell.xib */; };
		14AEB2E220BF0F3400D10D44 /* Displayable.swift in Sources */ = {isa = PBXBuildFile; fileRef = 14AEB2E120BF0F3400D10D44 /* Displayable.swift */; };
		14AEB2F420BF58EB00D10D44 /* TonnerreCollectionView.swift in Sources */ = {isa = PBXBuildFile; fileRef = 14AEB2F320BF58EA00D10D44 /* TonnerreCollectionView.swift */; };
		14AEB2FB20BF81CA00D10D44 /* TonnerreServiceLoader.swift in Sources */ = {isa = PBXBuildFile; fileRef = 14AEB2FA20BF81CA00D10D44 /* TonnerreServiceLoader.swift */; };
		14AEB2FD20BF824E00D10D44 /* LaunchService.swift in Sources */ = {isa = PBXBuildFile; fileRef = 14AEB2FC20BF824E00D10D44 /* LaunchService.swift */; };
		14AEB2FF20BF84D100D10D44 /* Trie.swift in Sources */ = {isa = PBXBuildFile; fileRef = 14AEB2FE20BF84D100D10D44 /* Trie.swift */; };
		14AEB30720C210EB00D10D44 /* BaseWindowController.swift in Sources */ = {isa = PBXBuildFile; fileRef = 14AEB30620C210EB00D10D44 /* BaseWindowController.swift */; };
		14E9AD4B20CC8CE100F3EEC8 /* langueToEmoji.plist in Resources */ = {isa = PBXBuildFile; fileRef = 14E9AD4A20CC8CE100F3EEC8 /* langueToEmoji.plist */; };
		14E9AD6120CDEC9C00F3EEC8 /* MathExpression.swift in Sources */ = {isa = PBXBuildFile; fileRef = 14E9AD6020CDEC9C00F3EEC8 /* MathExpression.swift */; };
		14E9AD6320CDECD100F3EEC8 /* MathInterpreter.swift in Sources */ = {isa = PBXBuildFile; fileRef = 14E9AD6220CDECD100F3EEC8 /* MathInterpreter.swift */; };
		14EA989820DEA5B7001A882D /* DefaultService.swift in Sources */ = {isa = PBXBuildFile; fileRef = 14EA989720DEA5B7001A882D /* DefaultService.swift */; };
		14EA989A20DF4C52001A882D /* NSUserInterfaceItemIdentifier+Extension.swift in Sources */ = {isa = PBXBuildFile; fileRef = 14EA989920DF4C52001A882D /* NSUserInterfaceItemIdentifier+Extension.swift */; };
		14F015C120F8EB7F00537160 /* QueryHistory+Extension.swift in Sources */ = {isa = PBXBuildFile; fileRef = 14F015C020F8EB7F00537160 /* QueryHistory+Extension.swift */; };
		14F015C320F8F6D100537160 /* HistoryProtocol.swift in Sources */ = {isa = PBXBuildFile; fileRef = 14F015C220F8F6D100537160 /* HistoryProtocol.swift */; };
		14F015C720F999E300537160 /* PlaceholderField.swift in Sources */ = {isa = PBXBuildFile; fileRef = 14F015C620F999E200537160 /* PlaceholderField.swift */; };
		14F015CD20FE794700537160 /* LaunchOrder+Extension.swift in Sources */ = {isa = PBXBuildFile; fileRef = 14F015CC20FE794700537160 /* LaunchOrder+Extension.swift */; };
		14F015CF20FFD25200537160 /* BookmarksService.swift in Sources */ = {isa = PBXBuildFile; fileRef = 14F015CE20FFD25200537160 /* BookmarksService.swift */; };
		14FA57E220CC68CA00E53D63 /* langueCodes.plist in Resources */ = {isa = PBXBuildFile; fileRef = 14FA57E120CC68CA00E53D63 /* langueCodes.plist */; };
/* End PBXBuildFile section */

/* Begin PBXContainerItemProxy section */
		1470515620B1BEFB00F6FBE8 /* PBXContainerItemProxy */ = {
			isa = PBXContainerItemProxy;
			containerPortal = 1470513820B1BEF900F6FBE8 /* Project object */;
			proxyType = 1;
			remoteGlobalIDString = 1470513F20B1BEF900F6FBE8;
			remoteInfo = Tonnerre;
		};
		1470516120B1BEFB00F6FBE8 /* PBXContainerItemProxy */ = {
			isa = PBXContainerItemProxy;
			containerPortal = 1470513820B1BEF900F6FBE8 /* Project object */;
			proxyType = 1;
			remoteGlobalIDString = 1470513F20B1BEF900F6FBE8;
			remoteInfo = Tonnerre;
		};
/* End PBXContainerItemProxy section */

/* Begin PBXCopyFilesBuildPhase section */
		146AD8E720C9C83700D9E591 /* Embed Frameworks */ = {
			isa = PBXCopyFilesBuildPhase;
			buildActionMask = 2147483647;
			dstPath = "";
			dstSubfolderSpec = 10;
			files = (
				146AD8E620C9C83700D9E591 /* TonnerreSearch.framework in Embed Frameworks */,
			);
			name = "Embed Frameworks";
			runOnlyForDeploymentPostprocessing = 0;
		};
		1470518820B1EA6000F6FBE8 /* Embed Frameworks */ = {
			isa = PBXCopyFilesBuildPhase;
			buildActionMask = 2147483647;
			dstPath = "";
			dstSubfolderSpec = 10;
			files = (
				14561B8A20C35F2C0057B4C1 /* HotKey.framework in Embed Frameworks */,
				1470518720B1EA6000F6FBE8 /* TonnerreSearch.framework in Embed Frameworks */,
				1429AC7B20D4427B00ABBCDE /* Lottie.framework in Embed Frameworks */,
			);
			name = "Embed Frameworks";
			runOnlyForDeploymentPostprocessing = 0;
		};
/* End PBXCopyFilesBuildPhase section */

/* Begin PBXFileReference section */
		1405334320F66D2E00C289CF /* ClipboardService.swift */ = {isa = PBXFileReference; lastKnownFileType = sourcecode.swift; path = ClipboardService.swift; sourceTree = "<group>"; };
		1405334520F66F7400C289CF /* CBRecord+Extension.swift */ = {isa = PBXFileReference; lastKnownFileType = sourcecode.swift; path = "CBRecord+Extension.swift"; sourceTree = "<group>"; };
		140A62CB20CB078500B759A4 /* DictionaryService.swift */ = {isa = PBXFileReference; lastKnownFileType = sourcecode.swift; path = DictionaryService.swift; sourceTree = "<group>"; };
		140F8C6E20B3668C00C69C25 /* exclusionList.plist */ = {isa = PBXFileReference; lastKnownFileType = text.plist.xml; path = exclusionList.plist; sourceTree = "<group>"; };
		1429AC7120D42B4000ABBCDE /* ServicesService.swift */ = {isa = PBXFileReference; lastKnownFileType = sourcecode.swift; path = ServicesService.swift; sourceTree = "<group>"; };
		1429AC7320D435A300ABBCDE /* OnOffCell.swift */ = {isa = PBXFileReference; lastKnownFileType = sourcecode.swift; path = OnOffCell.swift; sourceTree = "<group>"; };
		1429AC7420D435A300ABBCDE /* OnOffCell.xib */ = {isa = PBXFileReference; lastKnownFileType = file.xib; path = OnOffCell.xib; sourceTree = "<group>"; };
		1429AC7720D4375500ABBCDE /* DisplayableCellProtocol.swift */ = {isa = PBXFileReference; lastKnownFileType = sourcecode.swift; path = DisplayableCellProtocol.swift; sourceTree = "<group>"; };
		1429AC7920D4427B00ABBCDE /* Lottie.framework */ = {isa = PBXFileReference; lastKnownFileType = wrapper.framework; name = Lottie.framework; path = Carthage/Build/Mac/Lottie.framework; sourceTree = "<group>"; };
		1429AC7C20D4466A00ABBCDE /* toggle_switch.json */ = {isa = PBXFileReference; fileEncoding = 4; lastKnownFileType = text.json; path = toggle_switch.json; sourceTree = "<group>"; };
		144E0C1120ED2F4300E4F2DA /* ASServices.swift */ = {isa = PBXFileReference; lastKnownFileType = sourcecode.swift; path = ASServices.swift; sourceTree = "<group>"; };
		144E0C1320ED30CB00E4F2DA /* AppleScriptServiceProtocol.swift */ = {isa = PBXFileReference; lastKnownFileType = sourcecode.swift; path = AppleScriptServiceProtocol.swift; sourceTree = "<group>"; };
		144E0C1720EEA5F100E4F2DA /* ClipboardMonitor.swift */ = {isa = PBXFileReference; lastKnownFileType = sourcecode.swift; path = ClipboardMonitor.swift; sourceTree = "<group>"; };
		144F80C420B5FF75006A16BC /* Notification+Extension.swift */ = {isa = PBXFileReference; lastKnownFileType = sourcecode.swift; path = "Notification+Extension.swift"; sourceTree = "<group>"; };
		144F80C820B712F2006A16BC /* IndexStorage.swift */ = {isa = PBXFileReference; lastKnownFileType = sourcecode.swift; path = IndexStorage.swift; sourceTree = "<group>"; };
		1452251F20B4A794001E0D52 /* URL+Extension.swift */ = {isa = PBXFileReference; lastKnownFileType = sourcecode.swift; path = "URL+Extension.swift"; sourceTree = "<group>"; };
		14561B8820C35F2C0057B4C1 /* HotKey.framework */ = {isa = PBXFileReference; lastKnownFileType = wrapper.framework; name = HotKey.framework; path = Carthage/Build/Mac/HotKey.framework; sourceTree = "<group>"; };
		14561B8B20C444470057B4C1 /* ServiceResult.swift */ = {isa = PBXFileReference; lastKnownFileType = sourcecode.swift; path = ServiceResult.swift; sourceTree = "<group>"; };
		14561B8D20C45A650057B4C1 /* WebService.swift */ = {isa = PBXFileReference; lastKnownFileType = sourcecode.swift; path = WebService.swift; sourceTree = "<group>"; };
		14561B9220C4686C0057B4C1 /* GoogleSearch.swift */ = {isa = PBXFileReference; lastKnownFileType = sourcecode.swift; path = GoogleSearch.swift; sourceTree = "<group>"; };
		14561B9420C4803A0057B4C1 /* AmazonSearch.swift */ = {isa = PBXFileReference; lastKnownFileType = sourcecode.swift; path = AmazonSearch.swift; sourceTree = "<group>"; };
		14561B9620C4892D0057B4C1 /* WikipediaSearch.swift */ = {isa = PBXFileReference; lastKnownFileType = sourcecode.swift; path = WikipediaSearch.swift; sourceTree = "<group>"; };
		145D055F20CE1FDD0027F8DF /* CurrencyService.swift */ = {isa = PBXFileReference; lastKnownFileType = sourcecode.swift; path = CurrencyService.swift; sourceTree = "<group>"; };
		145DA16820DAD70100C1E804 /* BingSearch.swift */ = {isa = PBXFileReference; lastKnownFileType = sourcecode.swift; path = BingSearch.swift; sourceTree = "<group>"; };
		145DA16A20DADA2800C1E804 /* DuckDuckGo.swift */ = {isa = PBXFileReference; lastKnownFileType = sourcecode.swift; path = DuckDuckGo.swift; sourceTree = "<group>"; };
		145DA16C20DAE60600C1E804 /* DefaultSearchManage.swift */ = {isa = PBXFileReference; lastKnownFileType = sourcecode.swift; path = DefaultSearchManage.swift; sourceTree = "<group>"; };
		145DA17320DC243D00C1E804 /* TonnerreSuggestionSession.swift */ = {isa = PBXFileReference; lastKnownFileType = sourcecode.swift; path = TonnerreSuggestionSession.swift; sourceTree = "<group>"; };
		146AAE6520BDD7FF009AC9C6 /* TonnerreService.swift */ = {isa = PBXFileReference; lastKnownFileType = sourcecode.swift; path = TonnerreService.swift; sourceTree = "<group>"; };
		146AAE6720BDE096009AC9C6 /* FileSearchServices.swift */ = {isa = PBXFileReference; lastKnownFileType = sourcecode.swift; path = FileSearchServices.swift; sourceTree = "<group>"; };
		146AAE6B20BDEBD9009AC9C6 /* TonnerreInterpreter.swift */ = {isa = PBXFileReference; lastKnownFileType = sourcecode.swift; path = TonnerreInterpreter.swift; sourceTree = "<group>"; };
		146AAE6D20BE0700009AC9C6 /* TonnerreField.swift */ = {isa = PBXFileReference; lastKnownFileType = sourcecode.swift; path = TonnerreField.swift; sourceTree = "<group>"; };
		146AAE6F20BE2DEE009AC9C6 /* BaseWindow.swift */ = {isa = PBXFileReference; lastKnownFileType = sourcecode.swift; path = BaseWindow.swift; sourceTree = "<group>"; };
		146AD8C420C9C09300D9E591 /* TonnerreIndexHelper.app */ = {isa = PBXFileReference; explicitFileType = wrapper.application; includeInIndex = 0; path = TonnerreIndexHelper.app; sourceTree = BUILT_PRODUCTS_DIR; };
		146AD8C620C9C09300D9E591 /* AppDelegate.swift */ = {isa = PBXFileReference; lastKnownFileType = sourcecode.swift; path = AppDelegate.swift; sourceTree = "<group>"; };
		146AD8C920C9C09300D9E591 /* TonnerreIndexHelper.xcdatamodel */ = {isa = PBXFileReference; lastKnownFileType = wrapper.xcdatamodel; path = TonnerreIndexHelper.xcdatamodel; sourceTree = "<group>"; };
		146AD8CB20C9C09400D9E591 /* Assets.xcassets */ = {isa = PBXFileReference; lastKnownFileType = folder.assetcatalog; path = Assets.xcassets; sourceTree = "<group>"; };
		146AD8CE20C9C09400D9E591 /* Base */ = {isa = PBXFileReference; lastKnownFileType = file.xib; name = Base; path = Base.lproj/MainMenu.xib; sourceTree = "<group>"; };
		146AD8D020C9C09400D9E591 /* Info.plist */ = {isa = PBXFileReference; lastKnownFileType = text.plist.xml; path = Info.plist; sourceTree = "<group>"; };
		146AD8D120C9C09400D9E591 /* TonnerreIndexHelper.entitlements */ = {isa = PBXFileReference; lastKnownFileType = text.plist.entitlements; path = TonnerreIndexHelper.entitlements; sourceTree = "<group>"; };
		146AD8DB20C9C10200D9E591 /* Notification+Names.swift */ = {isa = PBXFileReference; lastKnownFileType = sourcecode.swift; path = "Notification+Names.swift"; sourceTree = "<group>"; };
		146AD8DD20C9C12A00D9E591 /* Common.swift */ = {isa = PBXFileReference; lastKnownFileType = sourcecode.swift; path = Common.swift; sourceTree = "<group>"; };
		1470514020B1BEF900F6FBE8 /* Tonnerre.app */ = {isa = PBXFileReference; explicitFileType = wrapper.application; includeInIndex = 0; path = Tonnerre.app; sourceTree = BUILT_PRODUCTS_DIR; };
		1470514320B1BEF900F6FBE8 /* AppDelegate.swift */ = {isa = PBXFileReference; lastKnownFileType = sourcecode.swift; path = AppDelegate.swift; sourceTree = "<group>"; };
		1470514520B1BEF900F6FBE8 /* ViewController.swift */ = {isa = PBXFileReference; lastKnownFileType = sourcecode.swift; path = ViewController.swift; sourceTree = "<group>"; };
		1470514820B1BEF900F6FBE8 /* Tonnerre.xcdatamodel */ = {isa = PBXFileReference; lastKnownFileType = wrapper.xcdatamodel; path = Tonnerre.xcdatamodel; sourceTree = "<group>"; };
		1470514A20B1BEFB00F6FBE8 /* Assets.xcassets */ = {isa = PBXFileReference; lastKnownFileType = folder.assetcatalog; path = Assets.xcassets; sourceTree = "<group>"; };
		1470514D20B1BEFB00F6FBE8 /* Base */ = {isa = PBXFileReference; lastKnownFileType = file.storyboard; name = Base; path = Base.lproj/Main.storyboard; sourceTree = "<group>"; };
		1470514F20B1BEFB00F6FBE8 /* Info.plist */ = {isa = PBXFileReference; lastKnownFileType = text.plist.xml; path = Info.plist; sourceTree = "<group>"; };
		1470515020B1BEFB00F6FBE8 /* Tonnerre.entitlements */ = {isa = PBXFileReference; lastKnownFileType = text.plist.entitlements; path = Tonnerre.entitlements; sourceTree = "<group>"; };
		1470515520B1BEFB00F6FBE8 /* TonnerreTests.xctest */ = {isa = PBXFileReference; explicitFileType = wrapper.cfbundle; includeInIndex = 0; path = TonnerreTests.xctest; sourceTree = BUILT_PRODUCTS_DIR; };
		1470515920B1BEFB00F6FBE8 /* TonnerreTests.swift */ = {isa = PBXFileReference; lastKnownFileType = sourcecode.swift; path = TonnerreTests.swift; sourceTree = "<group>"; };
		1470515B20B1BEFB00F6FBE8 /* Info.plist */ = {isa = PBXFileReference; lastKnownFileType = text.plist.xml; path = Info.plist; sourceTree = "<group>"; };
		1470516020B1BEFB00F6FBE8 /* TonnerreUITests.xctest */ = {isa = PBXFileReference; explicitFileType = wrapper.cfbundle; includeInIndex = 0; path = TonnerreUITests.xctest; sourceTree = BUILT_PRODUCTS_DIR; };
		1470516420B1BEFB00F6FBE8 /* TonnerreUITests.swift */ = {isa = PBXFileReference; lastKnownFileType = sourcecode.swift; path = TonnerreUITests.swift; sourceTree = "<group>"; };
		1470516620B1BEFB00F6FBE8 /* Info.plist */ = {isa = PBXFileReference; lastKnownFileType = text.plist.xml; path = Info.plist; sourceTree = "<group>"; };
		1470517220B1C29A00F6FBE8 /* Commons.swift */ = {isa = PBXFileReference; lastKnownFileType = sourcecode.swift; path = Commons.swift; sourceTree = "<group>"; };
		1470518020B1CA4000F6FBE8 /* TonnerreSearch.framework */ = {isa = PBXFileReference; lastKnownFileType = wrapper.framework; path = TonnerreSearch.framework; sourceTree = "<group>"; };
		1470518420B1DEDF00F6FBE8 /* SearchMode.swift */ = {isa = PBXFileReference; lastKnownFileType = sourcecode.swift; path = SearchMode.swift; sourceTree = "<group>"; };
		1470518920B1EF7000F6FBE8 /* CoreIndexing.swift */ = {isa = PBXFileReference; lastKnownFileType = sourcecode.swift; path = CoreIndexing.swift; sourceTree = "<group>"; };
		1470518B20B1FE8100F6FBE8 /* alias.plist */ = {isa = PBXFileReference; lastKnownFileType = text.plist.xml; path = alias.plist; sourceTree = "<group>"; };
		1473A55620D848E100C2FC42 /* ReloadService.swift */ = {isa = PBXFileReference; lastKnownFileType = sourcecode.swift; path = ReloadService.swift; sourceTree = "<group>"; };
		1481165420D2D2430013D5D2 /* PreviewItem.swift */ = {isa = PBXFileReference; lastKnownFileType = sourcecode.swift; path = PreviewItem.swift; sourceTree = "<group>"; };
		1484147E20C5D056008FD68E /* GeneralWebServices.swift */ = {isa = PBXFileReference; lastKnownFileType = sourcecode.swift; path = GeneralWebServices.swift; sourceTree = "<group>"; };
		1484148220C63A1A008FD68E /* MapService.swift */ = {isa = PBXFileReference; lastKnownFileType = sourcecode.swift; path = MapService.swift; sourceTree = "<group>"; };
		1484148420C70263008FD68E /* SystemServices.swift */ = {isa = PBXFileReference; lastKnownFileType = sourcecode.swift; path = SystemServices.swift; sourceTree = "<group>"; };
		1484148F20C84589008FD68E /* CalculationService.swift */ = {isa = PBXFileReference; lastKnownFileType = sourcecode.swift; path = CalculationService.swift; sourceTree = "<group>"; };
		148414A420C85AC3008FD68E /* DisplayableContainer.swift */ = {isa = PBXFileReference; lastKnownFileType = sourcecode.swift; path = DisplayableContainer.swift; sourceTree = "<group>"; };
		148414A620C8675F008FD68E /* URLService.swift */ = {isa = PBXFileReference; lastKnownFileType = sourcecode.swift; path = URLService.swift; sourceTree = "<group>"; };
		148DF5D420CB234E00A2E23E /* GoogleTranslateService.swift */ = {isa = PBXFileReference; lastKnownFileType = sourcecode.swift; path = GoogleTranslateService.swift; sourceTree = "<group>"; };
		14AEB2D020BEECA900D10D44 /* NSImage+Tint.swift */ = {isa = PBXFileReference; lastKnownFileType = sourcecode.swift; path = "NSImage+Tint.swift"; sourceTree = "<group>"; };
		14AEB2D220BEECEF00D10D44 /* TonnerreTheme.swift */ = {isa = PBXFileReference; lastKnownFileType = sourcecode.swift; path = TonnerreTheme.swift; sourceTree = "<group>"; };
		14AEB2D620BEEFF700D10D44 /* TonnerreIconView.swift */ = {isa = PBXFileReference; lastKnownFileType = sourcecode.swift; path = TonnerreIconView.swift; sourceTree = "<group>"; };
		14AEB2D920BEFDA900D10D44 /* ServiceCell.swift */ = {isa = PBXFileReference; lastKnownFileType = sourcecode.swift; path = ServiceCell.swift; sourceTree = "<group>"; };
		14AEB2DA20BEFDA900D10D44 /* ServiceCell.xib */ = {isa = PBXFileReference; lastKnownFileType = file.xib; path = ServiceCell.xib; sourceTree = "<group>"; };
		14AEB2E120BF0F3400D10D44 /* Displayable.swift */ = {isa = PBXFileReference; lastKnownFileType = sourcecode.swift; path = Displayable.swift; sourceTree = "<group>"; };
		14AEB2F320BF58EA00D10D44 /* TonnerreCollectionView.swift */ = {isa = PBXFileReference; lastKnownFileType = sourcecode.swift; path = TonnerreCollectionView.swift; sourceTree = "<group>"; };
		14AEB2FA20BF81CA00D10D44 /* TonnerreServiceLoader.swift */ = {isa = PBXFileReference; lastKnownFileType = sourcecode.swift; path = TonnerreServiceLoader.swift; sourceTree = "<group>"; };
		14AEB2FC20BF824E00D10D44 /* LaunchService.swift */ = {isa = PBXFileReference; lastKnownFileType = sourcecode.swift; path = LaunchService.swift; sourceTree = "<group>"; };
		14AEB2FE20BF84D100D10D44 /* Trie.swift */ = {isa = PBXFileReference; lastKnownFileType = sourcecode.swift; path = Trie.swift; sourceTree = "<group>"; };
		14AEB30420C1F74E00D10D44 /* FileTypeControl.swift */ = {isa = PBXFileReference; lastKnownFileType = sourcecode.swift; path = FileTypeControl.swift; sourceTree = "<group>"; };
		14AEB30620C210EB00D10D44 /* BaseWindowController.swift */ = {isa = PBXFileReference; lastKnownFileType = sourcecode.swift; path = BaseWindowController.swift; sourceTree = "<group>"; };
		14E9AD4A20CC8CE100F3EEC8 /* langueToEmoji.plist */ = {isa = PBXFileReference; fileEncoding = 4; lastKnownFileType = text.plist.xml; path = langueToEmoji.plist; sourceTree = "<group>"; };
		14E9AD6020CDEC9C00F3EEC8 /* MathExpression.swift */ = {isa = PBXFileReference; lastKnownFileType = sourcecode.swift; path = MathExpression.swift; sourceTree = "<group>"; };
		14E9AD6220CDECD100F3EEC8 /* MathInterpreter.swift */ = {isa = PBXFileReference; lastKnownFileType = sourcecode.swift; path = MathInterpreter.swift; sourceTree = "<group>"; };
		14EA989720DEA5B7001A882D /* DefaultService.swift */ = {isa = PBXFileReference; lastKnownFileType = sourcecode.swift; path = DefaultService.swift; sourceTree = "<group>"; };
		14EA989920DF4C52001A882D /* NSUserInterfaceItemIdentifier+Extension.swift */ = {isa = PBXFileReference; lastKnownFileType = sourcecode.swift; path = "NSUserInterfaceItemIdentifier+Extension.swift"; sourceTree = "<group>"; };
		14F015C020F8EB7F00537160 /* QueryHistory+Extension.swift */ = {isa = PBXFileReference; lastKnownFileType = sourcecode.swift; path = "QueryHistory+Extension.swift"; sourceTree = "<group>"; };
		14F015C220F8F6D100537160 /* HistoryProtocol.swift */ = {isa = PBXFileReference; lastKnownFileType = sourcecode.swift; path = HistoryProtocol.swift; sourceTree = "<group>"; };
		14F015C620F999E200537160 /* PlaceholderField.swift */ = {isa = PBXFileReference; fileEncoding = 4; lastKnownFileType = sourcecode.swift; path = PlaceholderField.swift; sourceTree = "<group>"; };
		14F015CC20FE794700537160 /* LaunchOrder+Extension.swift */ = {isa = PBXFileReference; lastKnownFileType = sourcecode.swift; path = "LaunchOrder+Extension.swift"; sourceTree = "<group>"; };
		14F015CE20FFD25200537160 /* BookmarksService.swift */ = {isa = PBXFileReference; lastKnownFileType = sourcecode.swift; path = BookmarksService.swift; sourceTree = "<group>"; };
		14FA57E120CC68CA00E53D63 /* langueCodes.plist */ = {isa = PBXFileReference; fileEncoding = 4; lastKnownFileType = text.plist.xml; path = langueCodes.plist; sourceTree = "<group>"; };
/* End PBXFileReference section */

/* Begin PBXFrameworksBuildPhase section */
		146AD8C120C9C09300D9E591 /* Frameworks */ = {
			isa = PBXFrameworksBuildPhase;
			buildActionMask = 2147483647;
			files = (
				146AD8DA20C9C0D300D9E591 /* TonnerreSearch.framework in Frameworks */,
			);
			runOnlyForDeploymentPostprocessing = 0;
		};
		1470513D20B1BEF900F6FBE8 /* Frameworks */ = {
			isa = PBXFrameworksBuildPhase;
			buildActionMask = 2147483647;
			files = (
				14561B8920C35F2C0057B4C1 /* HotKey.framework in Frameworks */,
				1470518620B1EA6000F6FBE8 /* TonnerreSearch.framework in Frameworks */,
				1429AC7A20D4427B00ABBCDE /* Lottie.framework in Frameworks */,
			);
			runOnlyForDeploymentPostprocessing = 0;
		};
		1470515220B1BEFB00F6FBE8 /* Frameworks */ = {
			isa = PBXFrameworksBuildPhase;
			buildActionMask = 2147483647;
			files = (
			);
			runOnlyForDeploymentPostprocessing = 0;
		};
		1470515D20B1BEFB00F6FBE8 /* Frameworks */ = {
			isa = PBXFrameworksBuildPhase;
			buildActionMask = 2147483647;
			files = (
			);
			runOnlyForDeploymentPostprocessing = 0;
		};
/* End PBXFrameworksBuildPhase section */

/* Begin PBXGroup section */
		1405334720F692F500C289CF /* Clipboard */ = {
			isa = PBXGroup;
			children = (
				144E0C1720EEA5F100E4F2DA /* ClipboardMonitor.swift */,
				1405334320F66D2E00C289CF /* ClipboardService.swift */,
			);
			path = Clipboard;
			sourceTree = "<group>";
		};
		140A62CD20CB0C7000B759A4 /* Dictionary */ = {
			isa = PBXGroup;
			children = (
				140A62CB20CB078500B759A4 /* DictionaryService.swift */,
			);
			path = Dictionary;
			sourceTree = "<group>";
		};
		145DA16E20DC09BF00C1E804 /* InterpreterServices */ = {
			isa = PBXGroup;
			children = (
				1429AC7120D42B4000ABBCDE /* ServicesService.swift */,
				14EA989720DEA5B7001A882D /* DefaultService.swift */,
				145DA16C20DAE60600C1E804 /* DefaultSearchManage.swift */,
				1473A55620D848E100C2FC42 /* ReloadService.swift */,
			);
			path = InterpreterServices;
			sourceTree = "<group>";
		};
		146AAE6420BDD7C2009AC9C6 /* Core */ = {
			isa = PBXGroup;
			children = (
				144F80C820B712F2006A16BC /* IndexStorage.swift */,
				1470518420B1DEDF00F6FBE8 /* SearchMode.swift */,
			);
			path = Core;
			sourceTree = "<group>";
		};
		146AAE6A20BDE0A4009AC9C6 /* Services */ = {
			isa = PBXGroup;
			children = (
				146AAE6B20BDEBD9009AC9C6 /* TonnerreInterpreter.swift */,
				146AAE6520BDD7FF009AC9C6 /* TonnerreService.swift */,
				14AEB2FA20BF81CA00D10D44 /* TonnerreServiceLoader.swift */,
				14561B8B20C444470057B4C1 /* ServiceResult.swift */,
				14AEB2FE20BF84D100D10D44 /* Trie.swift */,
				148414A420C85AC3008FD68E /* DisplayableContainer.swift */,
				14F015C220F8F6D100537160 /* HistoryProtocol.swift */,
				145DA16E20DC09BF00C1E804 /* InterpreterServices */,
				140A62CD20CB0C7000B759A4 /* Dictionary */,
				1484148920C7031E008FD68E /* File */,
				1484148A20C7032E008FD68E /* Web */,
				1484149220C845A7008FD68E /* System */,
				148414A820C86BAF008FD68E /* Prioritized */,
			);
			path = Services;
			sourceTree = "<group>";
		};
		146AD8C520C9C09300D9E591 /* TonnerreIndexHelper */ = {
			isa = PBXGroup;
			children = (
				146AD8C620C9C09300D9E591 /* AppDelegate.swift */,
				1470518920B1EF7000F6FBE8 /* CoreIndexing.swift */,
				14AEB30420C1F74E00D10D44 /* FileTypeControl.swift */,
				146AD8DB20C9C10200D9E591 /* Notification+Names.swift */,
				146AD8DD20C9C12A00D9E591 /* Common.swift */,
				146AD8CB20C9C09400D9E591 /* Assets.xcassets */,
				146AD8CD20C9C09400D9E591 /* MainMenu.xib */,
				146AD8D020C9C09400D9E591 /* Info.plist */,
				140F8C6E20B3668C00C69C25 /* exclusionList.plist */,
				1470518B20B1FE8100F6FBE8 /* alias.plist */,
				146AD8D120C9C09400D9E591 /* TonnerreIndexHelper.entitlements */,
				146AD8C820C9C09300D9E591 /* TonnerreIndexHelper.xcdatamodeld */,
			);
			path = TonnerreIndexHelper;
			sourceTree = "<group>";
		};
		1470513720B1BEF900F6FBE8 = {
			isa = PBXGroup;
			children = (
				1429AC7920D4427B00ABBCDE /* Lottie.framework */,
				14561B8820C35F2C0057B4C1 /* HotKey.framework */,
				1470518020B1CA4000F6FBE8 /* TonnerreSearch.framework */,
				1470514220B1BEF900F6FBE8 /* Tonnerre */,
				1470515820B1BEFB00F6FBE8 /* TonnerreTests */,
				1470516320B1BEFB00F6FBE8 /* TonnerreUITests */,
				146AD8C520C9C09300D9E591 /* TonnerreIndexHelper */,
				1470514120B1BEF900F6FBE8 /* Products */,
			);
			sourceTree = "<group>";
		};
		1470514120B1BEF900F6FBE8 /* Products */ = {
			isa = PBXGroup;
			children = (
				1470514020B1BEF900F6FBE8 /* Tonnerre.app */,
				1470515520B1BEFB00F6FBE8 /* TonnerreTests.xctest */,
				1470516020B1BEFB00F6FBE8 /* TonnerreUITests.xctest */,
				146AD8C420C9C09300D9E591 /* TonnerreIndexHelper.app */,
			);
			name = Products;
			sourceTree = "<group>";
		};
		1470514220B1BEF900F6FBE8 /* Tonnerre */ = {
			isa = PBXGroup;
			children = (
				1470514320B1BEF900F6FBE8 /* AppDelegate.swift */,
				146AAE6A20BDE0A4009AC9C6 /* Services */,
				146AAE6420BDD7C2009AC9C6 /* Core */,
				14AEB2F920BF5E6600D10D44 /* Extensions */,
				1470517220B1C29A00F6FBE8 /* Commons.swift */,
				146AAE6F20BE2DEE009AC9C6 /* BaseWindow.swift */,
				14AEB30620C210EB00D10D44 /* BaseWindowController.swift */,
				14AEB2D820BEF4A800D10D44 /* GUI */,
				1470514A20B1BEFB00F6FBE8 /* Assets.xcassets */,
				1470514C20B1BEFB00F6FBE8 /* Main.storyboard */,
				14FA57E120CC68CA00E53D63 /* langueCodes.plist */,
				14E9AD4A20CC8CE100F3EEC8 /* langueToEmoji.plist */,
				1470514F20B1BEFB00F6FBE8 /* Info.plist */,
				1470515020B1BEFB00F6FBE8 /* Tonnerre.entitlements */,
				1470514720B1BEF900F6FBE8 /* Tonnerre.xcdatamodeld */,
				1429AC7C20D4466A00ABBCDE /* toggle_switch.json */,
			);
			path = Tonnerre;
			sourceTree = "<group>";
		};
		1470515820B1BEFB00F6FBE8 /* TonnerreTests */ = {
			isa = PBXGroup;
			children = (
				1470515920B1BEFB00F6FBE8 /* TonnerreTests.swift */,
				1470515B20B1BEFB00F6FBE8 /* Info.plist */,
			);
			path = TonnerreTests;
			sourceTree = "<group>";
		};
		1470516320B1BEFB00F6FBE8 /* TonnerreUITests */ = {
			isa = PBXGroup;
			children = (
				1470516420B1BEFB00F6FBE8 /* TonnerreUITests.swift */,
				1470516620B1BEFB00F6FBE8 /* Info.plist */,
			);
			path = TonnerreUITests;
			sourceTree = "<group>";
		};
		1484148920C7031E008FD68E /* File */ = {
			isa = PBXGroup;
			children = (
				146AAE6720BDE096009AC9C6 /* FileSearchServices.swift */,
			);
			path = File;
			sourceTree = "<group>";
		};
		1484148A20C7032E008FD68E /* Web */ = {
			isa = PBXGroup;
			children = (
				145DA17320DC243D00C1E804 /* TonnerreSuggestionSession.swift */,
				14561B8D20C45A650057B4C1 /* WebService.swift */,
				1484148220C63A1A008FD68E /* MapService.swift */,
				1484147E20C5D056008FD68E /* GeneralWebServices.swift */,
				14561B9220C4686C0057B4C1 /* GoogleSearch.swift */,
				148DF5D420CB234E00A2E23E /* GoogleTranslateService.swift */,
				14561B9420C4803A0057B4C1 /* AmazonSearch.swift */,
				14561B9620C4892D0057B4C1 /* WikipediaSearch.swift */,
				145DA16820DAD70100C1E804 /* BingSearch.swift */,
				145DA16A20DADA2800C1E804 /* DuckDuckGo.swift */,
				14F015CE20FFD25200537160 /* BookmarksService.swift */,
			);
			path = Web;
			sourceTree = "<group>";
		};
		1484149220C845A7008FD68E /* System */ = {
			isa = PBXGroup;
			children = (
				1405334720F692F500C289CF /* Clipboard */,
				1484148420C70263008FD68E /* SystemServices.swift */,
				144E0C1120ED2F4300E4F2DA /* ASServices.swift */,
				144E0C1320ED30CB00E4F2DA /* AppleScriptServiceProtocol.swift */,
			);
			path = System;
			sourceTree = "<group>";
		};
		148414A820C86BAF008FD68E /* Prioritized */ = {
			isa = PBXGroup;
			children = (
				14E9AD5F20CDEC7600F3EEC8 /* Calculator */,
				14AEB2FC20BF824E00D10D44 /* LaunchService.swift */,
				148414A620C8675F008FD68E /* URLService.swift */,
			);
			path = Prioritized;
			sourceTree = "<group>";
		};
		14AEB2D820BEF4A800D10D44 /* GUI */ = {
			isa = PBXGroup;
			children = (
				1470514520B1BEF900F6FBE8 /* ViewController.swift */,
				14AEB2E120BF0F3400D10D44 /* Displayable.swift */,
				14AEB2D220BEECEF00D10D44 /* TonnerreTheme.swift */,
				14AEB2D620BEEFF700D10D44 /* TonnerreIconView.swift */,
				146AAE6D20BE0700009AC9C6 /* TonnerreField.swift */,
				14F015C620F999E200537160 /* PlaceholderField.swift */,
				14AEB2F320BF58EA00D10D44 /* TonnerreCollectionView.swift */,
				1429AC7720D4375500ABBCDE /* DisplayableCellProtocol.swift */,
				14AEB2DA20BEFDA900D10D44 /* ServiceCell.xib */,
				14AEB2D920BEFDA900D10D44 /* ServiceCell.swift */,
				1429AC7320D435A300ABBCDE /* OnOffCell.swift */,
				1429AC7420D435A300ABBCDE /* OnOffCell.xib */,
				1481165420D2D2430013D5D2 /* PreviewItem.swift */,
			);
			path = GUI;
			sourceTree = "<group>";
		};
		14AEB2F920BF5E6600D10D44 /* Extensions */ = {
			isa = PBXGroup;
			children = (
				1405334520F66F7400C289CF /* CBRecord+Extension.swift */,
				14F015C020F8EB7F00537160 /* QueryHistory+Extension.swift */,
				144F80C420B5FF75006A16BC /* Notification+Extension.swift */,
				1452251F20B4A794001E0D52 /* URL+Extension.swift */,
				14AEB2D020BEECA900D10D44 /* NSImage+Tint.swift */,
				14EA989920DF4C52001A882D /* NSUserInterfaceItemIdentifier+Extension.swift */,
				14F015CC20FE794700537160 /* LaunchOrder+Extension.swift */,
			);
			path = Extensions;
			sourceTree = "<group>";
		};
		14E9AD5F20CDEC7600F3EEC8 /* Calculator */ = {
			isa = PBXGroup;
			children = (
				1484148F20C84589008FD68E /* CalculationService.swift */,
				14E9AD6020CDEC9C00F3EEC8 /* MathExpression.swift */,
				14E9AD6220CDECD100F3EEC8 /* MathInterpreter.swift */,
				145D055F20CE1FDD0027F8DF /* CurrencyService.swift */,
			);
			path = Calculator;
			sourceTree = "<group>";
		};
/* End PBXGroup section */

/* Begin PBXNativeTarget section */
		146AD8C320C9C09300D9E591 /* TonnerreIndexHelper */ = {
			isa = PBXNativeTarget;
			buildConfigurationList = 146AD8D220C9C09400D9E591 /* Build configuration list for PBXNativeTarget "TonnerreIndexHelper" */;
			buildPhases = (
				146AD8C020C9C09300D9E591 /* Sources */,
				146AD8C120C9C09300D9E591 /* Frameworks */,
				146AD8C220C9C09300D9E591 /* Resources */,
				146AD8E720C9C83700D9E591 /* Embed Frameworks */,
			);
			buildRules = (
			);
			dependencies = (
			);
			name = TonnerreIndexHelper;
			productName = TonnerreIndexHelper;
			productReference = 146AD8C420C9C09300D9E591 /* TonnerreIndexHelper.app */;
			productType = "com.apple.product-type.application";
		};
		1470513F20B1BEF900F6FBE8 /* Tonnerre */ = {
			isa = PBXNativeTarget;
			buildConfigurationList = 1470516920B1BEFB00F6FBE8 /* Build configuration list for PBXNativeTarget "Tonnerre" */;
			buildPhases = (
				1470513C20B1BEF900F6FBE8 /* Sources */,
				1470513D20B1BEF900F6FBE8 /* Frameworks */,
				1470513E20B1BEF900F6FBE8 /* Resources */,
				1470518820B1EA6000F6FBE8 /* Embed Frameworks */,
			);
			buildRules = (
			);
			dependencies = (
			);
			name = Tonnerre;
			productName = Tonnerre;
			productReference = 1470514020B1BEF900F6FBE8 /* Tonnerre.app */;
			productType = "com.apple.product-type.application";
		};
		1470515420B1BEFB00F6FBE8 /* TonnerreTests */ = {
			isa = PBXNativeTarget;
			buildConfigurationList = 1470516C20B1BEFB00F6FBE8 /* Build configuration list for PBXNativeTarget "TonnerreTests" */;
			buildPhases = (
				1470515120B1BEFB00F6FBE8 /* Sources */,
				1470515220B1BEFB00F6FBE8 /* Frameworks */,
				1470515320B1BEFB00F6FBE8 /* Resources */,
			);
			buildRules = (
			);
			dependencies = (
				1470515720B1BEFB00F6FBE8 /* PBXTargetDependency */,
			);
			name = TonnerreTests;
			productName = TonnerreTests;
			productReference = 1470515520B1BEFB00F6FBE8 /* TonnerreTests.xctest */;
			productType = "com.apple.product-type.bundle.unit-test";
		};
		1470515F20B1BEFB00F6FBE8 /* TonnerreUITests */ = {
			isa = PBXNativeTarget;
			buildConfigurationList = 1470516F20B1BEFB00F6FBE8 /* Build configuration list for PBXNativeTarget "TonnerreUITests" */;
			buildPhases = (
				1470515C20B1BEFB00F6FBE8 /* Sources */,
				1470515D20B1BEFB00F6FBE8 /* Frameworks */,
				1470515E20B1BEFB00F6FBE8 /* Resources */,
			);
			buildRules = (
			);
			dependencies = (
				1470516220B1BEFB00F6FBE8 /* PBXTargetDependency */,
			);
			name = TonnerreUITests;
			productName = TonnerreUITests;
			productReference = 1470516020B1BEFB00F6FBE8 /* TonnerreUITests.xctest */;
			productType = "com.apple.product-type.bundle.ui-testing";
		};
/* End PBXNativeTarget section */

/* Begin PBXProject section */
		1470513820B1BEF900F6FBE8 /* Project object */ = {
			isa = PBXProject;
			attributes = {
				LastSwiftUpdateCheck = 0940;
				LastUpgradeCheck = 0930;
				ORGANIZATIONNAME = "Yaxin Cheng";
				TargetAttributes = {
					146AD8C320C9C09300D9E591 = {
						CreatedOnToolsVersion = 9.4;
						SystemCapabilities = {
							com.apple.ApplicationGroups.Mac = {
								enabled = 1;
							};
							com.apple.Sandbox = {
								enabled = 0;
							};
						};
					};
					1470513F20B1BEF900F6FBE8 = {
						CreatedOnToolsVersion = 9.3.1;
						LastSwiftMigration = 0940;
						SystemCapabilities = {
							com.apple.ApplicationGroups.Mac = {
								enabled = 1;
							};
							com.apple.Sandbox = {
								enabled = 0;
							};
						};
					};
					1470515420B1BEFB00F6FBE8 = {
						CreatedOnToolsVersion = 9.3.1;
						TestTargetID = 1470513F20B1BEF900F6FBE8;
					};
					1470515F20B1BEFB00F6FBE8 = {
						CreatedOnToolsVersion = 9.3.1;
						TestTargetID = 1470513F20B1BEF900F6FBE8;
					};
				};
			};
			buildConfigurationList = 1470513B20B1BEF900F6FBE8 /* Build configuration list for PBXProject "Tonnerre" */;
			compatibilityVersion = "Xcode 9.3";
			developmentRegion = en;
			hasScannedForEncodings = 0;
			knownRegions = (
				en,
				Base,
			);
			mainGroup = 1470513720B1BEF900F6FBE8;
			productRefGroup = 1470514120B1BEF900F6FBE8 /* Products */;
			projectDirPath = "";
			projectRoot = "";
			targets = (
				1470513F20B1BEF900F6FBE8 /* Tonnerre */,
				1470515420B1BEFB00F6FBE8 /* TonnerreTests */,
				1470515F20B1BEFB00F6FBE8 /* TonnerreUITests */,
				146AD8C320C9C09300D9E591 /* TonnerreIndexHelper */,
			);
		};
/* End PBXProject section */

/* Begin PBXResourcesBuildPhase section */
		146AD8C220C9C09300D9E591 /* Resources */ = {
			isa = PBXResourcesBuildPhase;
			buildActionMask = 2147483647;
			files = (
				146AD8CC20C9C09400D9E591 /* Assets.xcassets in Resources */,
				146AD8E820C9CC8C00D9E591 /* exclusionList.plist in Resources */,
				146AD8CF20C9C09400D9E591 /* MainMenu.xib in Resources */,
				146AD8E920C9CC8F00D9E591 /* alias.plist in Resources */,
			);
			runOnlyForDeploymentPostprocessing = 0;
		};
		1470513E20B1BEF900F6FBE8 /* Resources */ = {
			isa = PBXResourcesBuildPhase;
			buildActionMask = 2147483647;
			files = (
				146AD8EC20C9DA3500D9E591 /* TonnerreIndexHelper.app in Resources */,
				1429AC7D20D4466B00ABBCDE /* toggle_switch.json in Resources */,
				14AEB2DC20BEFDA900D10D44 /* ServiceCell.xib in Resources */,
				1470514E20B1BEFB00F6FBE8 /* Main.storyboard in Resources */,
				146AD8EE20CA12C200D9E591 /* alias.plist in Resources */,
				146AAE7120BE362A009AC9C6 /* Assets.xcassets in Resources */,
				14FA57E220CC68CA00E53D63 /* langueCodes.plist in Resources */,
				1429AC7620D435A300ABBCDE /* OnOffCell.xib in Resources */,
				14E9AD4B20CC8CE100F3EEC8 /* langueToEmoji.plist in Resources */,
			);
			runOnlyForDeploymentPostprocessing = 0;
		};
		1470515320B1BEFB00F6FBE8 /* Resources */ = {
			isa = PBXResourcesBuildPhase;
			buildActionMask = 2147483647;
			files = (
			);
			runOnlyForDeploymentPostprocessing = 0;
		};
		1470515E20B1BEFB00F6FBE8 /* Resources */ = {
			isa = PBXResourcesBuildPhase;
			buildActionMask = 2147483647;
			files = (
			);
			runOnlyForDeploymentPostprocessing = 0;
		};
/* End PBXResourcesBuildPhase section */

/* Begin PBXSourcesBuildPhase section */
		146AD8C020C9C09300D9E591 /* Sources */ = {
			isa = PBXSourcesBuildPhase;
			buildActionMask = 2147483647;
			files = (
				146AD8D820C9C0C400D9E591 /* SearchMode.swift in Sources */,
				146AD8DC20C9C10200D9E591 /* Notification+Names.swift in Sources */,
				146AD8D520C9C0B200D9E591 /* CoreIndexing.swift in Sources */,
				146AD8DE20C9C12A00D9E591 /* Common.swift in Sources */,
				146AD8DF20C9C1B600D9E591 /* URL+Extension.swift in Sources */,
				146AD8D920C9C0C600D9E591 /* IndexStorage.swift in Sources */,
				146AD8C720C9C09300D9E591 /* AppDelegate.swift in Sources */,
				146AD8D620C9C0B700D9E591 /* FileTypeControl.swift in Sources */,
				146AD8E320C9C29300D9E591 /* TonnerreIndexHelper.xcdatamodeld in Sources */,
			);
			runOnlyForDeploymentPostprocessing = 0;
		};
		1470513C20B1BEF900F6FBE8 /* Sources */ = {
			isa = PBXSourcesBuildPhase;
			buildActionMask = 2147483647;
			files = (
				14AEB2D120BEECA900D10D44 /* NSImage+Tint.swift in Sources */,
				14F015C120F8EB7F00537160 /* QueryHistory+Extension.swift in Sources */,
				145DA16920DAD70100C1E804 /* BingSearch.swift in Sources */,
				1470517320B1C29A00F6FBE8 /* Commons.swift in Sources */,
				146AD8E120C9C28000D9E591 /* Tonnerre.xcdatamodeld in Sources */,
				14561B8C20C444470057B4C1 /* ServiceResult.swift in Sources */,
				14F015C720F999E300537160 /* PlaceholderField.swift in Sources */,
				146AAE6620BDD7FF009AC9C6 /* TonnerreService.swift in Sources */,
				1484148320C63A1A008FD68E /* MapService.swift in Sources */,
				1484148520C70263008FD68E /* SystemServices.swift in Sources */,
				14AEB2FB20BF81CA00D10D44 /* TonnerreServiceLoader.swift in Sources */,
				14AEB30720C210EB00D10D44 /* BaseWindowController.swift in Sources */,
				14561B9520C4803A0057B4C1 /* AmazonSearch.swift in Sources */,
				14AEB2F420BF58EB00D10D44 /* TonnerreCollectionView.swift in Sources */,
				144E0C1820EEA5F100E4F2DA /* ClipboardMonitor.swift in Sources */,
				146AAE6C20BDEBD9009AC9C6 /* TonnerreInterpreter.swift in Sources */,
				1429AC7820D4375500ABBCDE /* DisplayableCellProtocol.swift in Sources */,
				14AEB2D720BEEFF700D10D44 /* TonnerreIconView.swift in Sources */,
				14AEB2DB20BEFDA900D10D44 /* ServiceCell.swift in Sources */,
				1429AC7520D435A300ABBCDE /* OnOffCell.swift in Sources */,
				144F80C920B712F3006A16BC /* IndexStorage.swift in Sources */,
				14E9AD6120CDEC9C00F3EEC8 /* MathExpression.swift in Sources */,
				14F015C320F8F6D100537160 /* HistoryProtocol.swift in Sources */,
				148414A520C85AC3008FD68E /* DisplayableContainer.swift in Sources */,
				1484149020C84589008FD68E /* CalculationService.swift in Sources */,
				14F015CF20FFD25200537160 /* BookmarksService.swift in Sources */,
				1429AC7220D42B4000ABBCDE /* ServicesService.swift in Sources */,
				14AEB2FF20BF84D100D10D44 /* Trie.swift in Sources */,
				14AEB2FD20BF824E00D10D44 /* LaunchService.swift in Sources */,
				1470514620B1BEF900F6FBE8 /* ViewController.swift in Sources */,
				1405334420F66D2E00C289CF /* ClipboardService.swift in Sources */,
				1481165520D2D2440013D5D2 /* PreviewItem.swift in Sources */,
				1470514420B1BEF900F6FBE8 /* AppDelegate.swift in Sources */,
				146AAE6E20BE0700009AC9C6 /* TonnerreField.swift in Sources */,
				1484147F20C5D056008FD68E /* GeneralWebServices.swift in Sources */,
				144E0C1420ED30CB00E4F2DA /* AppleScriptServiceProtocol.swift in Sources */,
				14561B8E20C45A650057B4C1 /* WebService.swift in Sources */,
				14561B9720C4892D0057B4C1 /* WikipediaSearch.swift in Sources */,
				1452252020B4A794001E0D52 /* URL+Extension.swift in Sources */,
				140A62CC20CB078500B759A4 /* DictionaryService.swift in Sources */,
				14AEB2D320BEECF000D10D44 /* TonnerreTheme.swift in Sources */,
				148414A720C8675F008FD68E /* URLService.swift in Sources */,
				146AAE7020BE2DEE009AC9C6 /* BaseWindow.swift in Sources */,
				145DA16D20DAE60600C1E804 /* DefaultSearchManage.swift in Sources */,
				1473A55720D848E100C2FC42 /* ReloadService.swift in Sources */,
				144E0C1220ED2F4300E4F2DA /* ASServices.swift in Sources */,
				14F015CD20FE794700537160 /* LaunchOrder+Extension.swift in Sources */,
				14AEB2E220BF0F3400D10D44 /* Displayable.swift in Sources */,
				1470518520B1DEDF00F6FBE8 /* SearchMode.swift in Sources */,
				144F80C520B5FF75006A16BC /* Notification+Extension.swift in Sources */,
				145DA16B20DADA2800C1E804 /* DuckDuckGo.swift in Sources */,
				146AD8E420C9C2A900D9E591 /* FileTypeControl.swift in Sources */,
				145D056020CE1FDD0027F8DF /* CurrencyService.swift in Sources */,
				1405334620F66F7400C289CF /* CBRecord+Extension.swift in Sources */,
				14561B9320C4686C0057B4C1 /* GoogleSearch.swift in Sources */,
				148DF5D520CB234E00A2E23E /* GoogleTranslateService.swift in Sources */,
				14E9AD6320CDECD100F3EEC8 /* MathInterpreter.swift in Sources */,
				14EA989820DEA5B7001A882D /* DefaultService.swift in Sources */,
				14EA989A20DF4C52001A882D /* NSUserInterfaceItemIdentifier+Extension.swift in Sources */,
				146AAE6820BDE096009AC9C6 /* FileSearchServices.swift in Sources */,
				145DA17420DC243D00C1E804 /* TonnerreSuggestionSession.swift in Sources */,
			);
			runOnlyForDeploymentPostprocessing = 0;
		};
		1470515120B1BEFB00F6FBE8 /* Sources */ = {
			isa = PBXSourcesBuildPhase;
			buildActionMask = 2147483647;
			files = (
				1470515A20B1BEFB00F6FBE8 /* TonnerreTests.swift in Sources */,
			);
			runOnlyForDeploymentPostprocessing = 0;
		};
		1470515C20B1BEFB00F6FBE8 /* Sources */ = {
			isa = PBXSourcesBuildPhase;
			buildActionMask = 2147483647;
			files = (
				1470516520B1BEFB00F6FBE8 /* TonnerreUITests.swift in Sources */,
			);
			runOnlyForDeploymentPostprocessing = 0;
		};
/* End PBXSourcesBuildPhase section */

/* Begin PBXTargetDependency section */
		1470515720B1BEFB00F6FBE8 /* PBXTargetDependency */ = {
			isa = PBXTargetDependency;
			target = 1470513F20B1BEF900F6FBE8 /* Tonnerre */;
			targetProxy = 1470515620B1BEFB00F6FBE8 /* PBXContainerItemProxy */;
		};
		1470516220B1BEFB00F6FBE8 /* PBXTargetDependency */ = {
			isa = PBXTargetDependency;
			target = 1470513F20B1BEF900F6FBE8 /* Tonnerre */;
			targetProxy = 1470516120B1BEFB00F6FBE8 /* PBXContainerItemProxy */;
		};
/* End PBXTargetDependency section */

/* Begin PBXVariantGroup section */
		146AD8CD20C9C09400D9E591 /* MainMenu.xib */ = {
			isa = PBXVariantGroup;
			children = (
				146AD8CE20C9C09400D9E591 /* Base */,
			);
			name = MainMenu.xib;
			sourceTree = "<group>";
		};
		1470514C20B1BEFB00F6FBE8 /* Main.storyboard */ = {
			isa = PBXVariantGroup;
			children = (
				1470514D20B1BEFB00F6FBE8 /* Base */,
			);
			name = Main.storyboard;
			sourceTree = "<group>";
		};
/* End PBXVariantGroup section */

/* Begin XCBuildConfiguration section */
		146AD8D320C9C09400D9E591 /* Debug */ = {
			isa = XCBuildConfiguration;
			buildSettings = {
				ASSETCATALOG_COMPILER_APPICON_NAME = AppIcon;
				CODE_SIGN_ENTITLEMENTS = TonnerreIndexHelper/TonnerreIndexHelper.entitlements;
				CODE_SIGN_STYLE = Automatic;
				COMBINE_HIDPI_IMAGES = YES;
				FRAMEWORK_SEARCH_PATHS = (
					"$(inherited)",
					"$(PROJECT_DIR)",
				);
				INFOPLIST_FILE = TonnerreIndexHelper/Info.plist;
				LD_RUNPATH_SEARCH_PATHS = (
					"$(inherited)",
					"@executable_path/../Frameworks",
				);
				PRODUCT_BUNDLE_IDENTIFIER = com.ycheng.TonnerreIndexHelper;
				PRODUCT_NAME = "$(TARGET_NAME)";
				SWIFT_VERSION = 4.0;
			};
			name = Debug;
		};
		146AD8D420C9C09400D9E591 /* Release */ = {
			isa = XCBuildConfiguration;
			buildSettings = {
				ASSETCATALOG_COMPILER_APPICON_NAME = AppIcon;
				CODE_SIGN_ENTITLEMENTS = TonnerreIndexHelper/TonnerreIndexHelper.entitlements;
				CODE_SIGN_STYLE = Automatic;
				COMBINE_HIDPI_IMAGES = YES;
				FRAMEWORK_SEARCH_PATHS = (
					"$(inherited)",
					"$(PROJECT_DIR)",
				);
				INFOPLIST_FILE = TonnerreIndexHelper/Info.plist;
				LD_RUNPATH_SEARCH_PATHS = (
					"$(inherited)",
					"@executable_path/../Frameworks",
				);
				PRODUCT_BUNDLE_IDENTIFIER = com.ycheng.TonnerreIndexHelper;
				PRODUCT_NAME = "$(TARGET_NAME)";
				SWIFT_VERSION = 4.0;
			};
			name = Release;
		};
		1470516720B1BEFB00F6FBE8 /* Debug */ = {
			isa = XCBuildConfiguration;
			buildSettings = {
				ALWAYS_SEARCH_USER_PATHS = NO;
				CLANG_ANALYZER_NONNULL = YES;
				CLANG_ANALYZER_NUMBER_OBJECT_CONVERSION = YES_AGGRESSIVE;
				CLANG_CXX_LANGUAGE_STANDARD = "gnu++14";
				CLANG_CXX_LIBRARY = "libc++";
				CLANG_ENABLE_MODULES = YES;
				CLANG_ENABLE_OBJC_ARC = YES;
				CLANG_ENABLE_OBJC_WEAK = YES;
				CLANG_WARN_BLOCK_CAPTURE_AUTORELEASING = YES;
				CLANG_WARN_BOOL_CONVERSION = YES;
				CLANG_WARN_COMMA = YES;
				CLANG_WARN_CONSTANT_CONVERSION = YES;
				CLANG_WARN_DEPRECATED_OBJC_IMPLEMENTATIONS = YES;
				CLANG_WARN_DIRECT_OBJC_ISA_USAGE = YES_ERROR;
				CLANG_WARN_DOCUMENTATION_COMMENTS = YES;
				CLANG_WARN_EMPTY_BODY = YES;
				CLANG_WARN_ENUM_CONVERSION = YES;
				CLANG_WARN_INFINITE_RECURSION = YES;
				CLANG_WARN_INT_CONVERSION = YES;
				CLANG_WARN_NON_LITERAL_NULL_CONVERSION = YES;
				CLANG_WARN_OBJC_IMPLICIT_RETAIN_SELF = YES;
				CLANG_WARN_OBJC_LITERAL_CONVERSION = YES;
				CLANG_WARN_OBJC_ROOT_CLASS = YES_ERROR;
				CLANG_WARN_RANGE_LOOP_ANALYSIS = YES;
				CLANG_WARN_STRICT_PROTOTYPES = YES;
				CLANG_WARN_SUSPICIOUS_MOVE = YES;
				CLANG_WARN_UNGUARDED_AVAILABILITY = YES_AGGRESSIVE;
				CLANG_WARN_UNREACHABLE_CODE = YES;
				CLANG_WARN__DUPLICATE_METHOD_MATCH = YES;
				CODE_SIGN_IDENTITY = "-";
				COPY_PHASE_STRIP = NO;
				DEBUG_INFORMATION_FORMAT = dwarf;
				ENABLE_STRICT_OBJC_MSGSEND = YES;
				ENABLE_TESTABILITY = YES;
				GCC_C_LANGUAGE_STANDARD = gnu11;
				GCC_DYNAMIC_NO_PIC = NO;
				GCC_NO_COMMON_BLOCKS = YES;
				GCC_OPTIMIZATION_LEVEL = 0;
				GCC_PREPROCESSOR_DEFINITIONS = (
					"DEBUG=1",
					"$(inherited)",
				);
				GCC_WARN_64_TO_32_BIT_CONVERSION = YES;
				GCC_WARN_ABOUT_RETURN_TYPE = YES_ERROR;
				GCC_WARN_UNDECLARED_SELECTOR = YES;
				GCC_WARN_UNINITIALIZED_AUTOS = YES_AGGRESSIVE;
				GCC_WARN_UNUSED_FUNCTION = YES;
				GCC_WARN_UNUSED_VARIABLE = YES;
				MACOSX_DEPLOYMENT_TARGET = 10.13;
				MTL_ENABLE_DEBUG_INFO = YES;
				ONLY_ACTIVE_ARCH = YES;
				SDKROOT = macosx;
				SWIFT_ACTIVE_COMPILATION_CONDITIONS = DEBUG;
				SWIFT_OPTIMIZATION_LEVEL = "-Onone";
			};
			name = Debug;
		};
		1470516820B1BEFB00F6FBE8 /* Release */ = {
			isa = XCBuildConfiguration;
			buildSettings = {
				ALWAYS_SEARCH_USER_PATHS = NO;
				CLANG_ANALYZER_NONNULL = YES;
				CLANG_ANALYZER_NUMBER_OBJECT_CONVERSION = YES_AGGRESSIVE;
				CLANG_CXX_LANGUAGE_STANDARD = "gnu++14";
				CLANG_CXX_LIBRARY = "libc++";
				CLANG_ENABLE_MODULES = YES;
				CLANG_ENABLE_OBJC_ARC = YES;
				CLANG_ENABLE_OBJC_WEAK = YES;
				CLANG_WARN_BLOCK_CAPTURE_AUTORELEASING = YES;
				CLANG_WARN_BOOL_CONVERSION = YES;
				CLANG_WARN_COMMA = YES;
				CLANG_WARN_CONSTANT_CONVERSION = YES;
				CLANG_WARN_DEPRECATED_OBJC_IMPLEMENTATIONS = YES;
				CLANG_WARN_DIRECT_OBJC_ISA_USAGE = YES_ERROR;
				CLANG_WARN_DOCUMENTATION_COMMENTS = YES;
				CLANG_WARN_EMPTY_BODY = YES;
				CLANG_WARN_ENUM_CONVERSION = YES;
				CLANG_WARN_INFINITE_RECURSION = YES;
				CLANG_WARN_INT_CONVERSION = YES;
				CLANG_WARN_NON_LITERAL_NULL_CONVERSION = YES;
				CLANG_WARN_OBJC_IMPLICIT_RETAIN_SELF = YES;
				CLANG_WARN_OBJC_LITERAL_CONVERSION = YES;
				CLANG_WARN_OBJC_ROOT_CLASS = YES_ERROR;
				CLANG_WARN_RANGE_LOOP_ANALYSIS = YES;
				CLANG_WARN_STRICT_PROTOTYPES = YES;
				CLANG_WARN_SUSPICIOUS_MOVE = YES;
				CLANG_WARN_UNGUARDED_AVAILABILITY = YES_AGGRESSIVE;
				CLANG_WARN_UNREACHABLE_CODE = YES;
				CLANG_WARN__DUPLICATE_METHOD_MATCH = YES;
				CODE_SIGN_IDENTITY = "-";
				COPY_PHASE_STRIP = NO;
				DEBUG_INFORMATION_FORMAT = "dwarf-with-dsym";
				ENABLE_NS_ASSERTIONS = NO;
				ENABLE_STRICT_OBJC_MSGSEND = YES;
				GCC_C_LANGUAGE_STANDARD = gnu11;
				GCC_NO_COMMON_BLOCKS = YES;
				GCC_WARN_64_TO_32_BIT_CONVERSION = YES;
				GCC_WARN_ABOUT_RETURN_TYPE = YES_ERROR;
				GCC_WARN_UNDECLARED_SELECTOR = YES;
				GCC_WARN_UNINITIALIZED_AUTOS = YES_AGGRESSIVE;
				GCC_WARN_UNUSED_FUNCTION = YES;
				GCC_WARN_UNUSED_VARIABLE = YES;
				MACOSX_DEPLOYMENT_TARGET = 10.13;
				MTL_ENABLE_DEBUG_INFO = NO;
				SDKROOT = macosx;
				SWIFT_COMPILATION_MODE = wholemodule;
				SWIFT_OPTIMIZATION_LEVEL = "-O";
			};
			name = Release;
		};
		1470516A20B1BEFB00F6FBE8 /* Debug */ = {
			isa = XCBuildConfiguration;
			buildSettings = {
				ASSETCATALOG_COMPILER_APPICON_NAME = AppIcon;
				CLANG_ENABLE_MODULES = YES;
				CODE_SIGN_ENTITLEMENTS = Tonnerre/Tonnerre.entitlements;
				CODE_SIGN_STYLE = Automatic;
				COMBINE_HIDPI_IMAGES = YES;
				DEBUG_INFORMATION_FORMAT = dwarf;
				FRAMEWORK_SEARCH_PATHS = (
					"$(inherited)",
					"$(PROJECT_DIR)",
					"$(PROJECT_DIR)/Carthage/Build/Mac",
				);
				INFOPLIST_FILE = Tonnerre/Info.plist;
				LD_RUNPATH_SEARCH_PATHS = (
					"$(inherited)",
					"@executable_path/../Frameworks",
				);
				PRODUCT_BUNDLE_IDENTIFIER = com.ycheng.Tonnerre;
				PRODUCT_NAME = "$(TARGET_NAME)";
				SWIFT_OBJC_BRIDGING_HEADER = "";
				SWIFT_OPTIMIZATION_LEVEL = "-Onone";
				SWIFT_VERSION = 4.0;
			};
			name = Debug;
		};
		1470516B20B1BEFB00F6FBE8 /* Release */ = {
			isa = XCBuildConfiguration;
			buildSettings = {
				ASSETCATALOG_COMPILER_APPICON_NAME = AppIcon;
				CLANG_ENABLE_MODULES = YES;
				CODE_SIGN_ENTITLEMENTS = Tonnerre/Tonnerre.entitlements;
				CODE_SIGN_STYLE = Automatic;
				COMBINE_HIDPI_IMAGES = YES;
				DEBUG_INFORMATION_FORMAT = dwarf;
				FRAMEWORK_SEARCH_PATHS = (
					"$(inherited)",
					"$(PROJECT_DIR)",
					"$(PROJECT_DIR)/Carthage/Build/Mac",
				);
				INFOPLIST_FILE = Tonnerre/Info.plist;
				LD_RUNPATH_SEARCH_PATHS = (
					"$(inherited)",
					"@executable_path/../Frameworks",
				);
				PRODUCT_BUNDLE_IDENTIFIER = com.ycheng.Tonnerre;
				PRODUCT_NAME = "$(TARGET_NAME)";
				SWIFT_ACTIVE_COMPILATION_CONDITIONS = RELEASE;
				SWIFT_OBJC_BRIDGING_HEADER = "";
				SWIFT_VERSION = 4.0;
			};
			name = Release;
		};
		1470516D20B1BEFB00F6FBE8 /* Debug */ = {
			isa = XCBuildConfiguration;
			buildSettings = {
				ALWAYS_EMBED_SWIFT_STANDARD_LIBRARIES = YES;
				BUNDLE_LOADER = "$(TEST_HOST)";
				CODE_SIGN_STYLE = Automatic;
				COMBINE_HIDPI_IMAGES = YES;
				INFOPLIST_FILE = TonnerreTests/Info.plist;
				LD_RUNPATH_SEARCH_PATHS = (
					"$(inherited)",
					"@executable_path/../Frameworks",
					"@loader_path/../Frameworks",
				);
				PRODUCT_BUNDLE_IDENTIFIER = com.ycheng.TonnerreTests;
				PRODUCT_NAME = "$(TARGET_NAME)";
				SWIFT_VERSION = 4.0;
				TEST_HOST = "$(BUILT_PRODUCTS_DIR)/Tonnerre.app/Contents/MacOS/Tonnerre";
			};
			name = Debug;
		};
		1470516E20B1BEFB00F6FBE8 /* Release */ = {
			isa = XCBuildConfiguration;
			buildSettings = {
				ALWAYS_EMBED_SWIFT_STANDARD_LIBRARIES = YES;
				BUNDLE_LOADER = "$(TEST_HOST)";
				CODE_SIGN_STYLE = Automatic;
				COMBINE_HIDPI_IMAGES = YES;
				INFOPLIST_FILE = TonnerreTests/Info.plist;
				LD_RUNPATH_SEARCH_PATHS = (
					"$(inherited)",
					"@executable_path/../Frameworks",
					"@loader_path/../Frameworks",
				);
				PRODUCT_BUNDLE_IDENTIFIER = com.ycheng.TonnerreTests;
				PRODUCT_NAME = "$(TARGET_NAME)";
				SWIFT_VERSION = 4.0;
				TEST_HOST = "$(BUILT_PRODUCTS_DIR)/Tonnerre.app/Contents/MacOS/Tonnerre";
			};
			name = Release;
		};
		1470517020B1BEFB00F6FBE8 /* Debug */ = {
			isa = XCBuildConfiguration;
			buildSettings = {
				ALWAYS_EMBED_SWIFT_STANDARD_LIBRARIES = YES;
				CODE_SIGN_STYLE = Automatic;
				COMBINE_HIDPI_IMAGES = YES;
				INFOPLIST_FILE = TonnerreUITests/Info.plist;
				LD_RUNPATH_SEARCH_PATHS = (
					"$(inherited)",
					"@executable_path/../Frameworks",
					"@loader_path/../Frameworks",
				);
				PRODUCT_BUNDLE_IDENTIFIER = com.ycheng.TonnerreUITests;
				PRODUCT_NAME = "$(TARGET_NAME)";
				SWIFT_VERSION = 4.0;
				TEST_TARGET_NAME = Tonnerre;
			};
			name = Debug;
		};
		1470517120B1BEFB00F6FBE8 /* Release */ = {
			isa = XCBuildConfiguration;
			buildSettings = {
				ALWAYS_EMBED_SWIFT_STANDARD_LIBRARIES = YES;
				CODE_SIGN_STYLE = Automatic;
				COMBINE_HIDPI_IMAGES = YES;
				INFOPLIST_FILE = TonnerreUITests/Info.plist;
				LD_RUNPATH_SEARCH_PATHS = (
					"$(inherited)",
					"@executable_path/../Frameworks",
					"@loader_path/../Frameworks",
				);
				PRODUCT_BUNDLE_IDENTIFIER = com.ycheng.TonnerreUITests;
				PRODUCT_NAME = "$(TARGET_NAME)";
				SWIFT_VERSION = 4.0;
				TEST_TARGET_NAME = Tonnerre;
			};
			name = Release;
		};
/* End XCBuildConfiguration section */

/* Begin XCConfigurationList section */
		146AD8D220C9C09400D9E591 /* Build configuration list for PBXNativeTarget "TonnerreIndexHelper" */ = {
			isa = XCConfigurationList;
			buildConfigurations = (
				146AD8D320C9C09400D9E591 /* Debug */,
				146AD8D420C9C09400D9E591 /* Release */,
			);
			defaultConfigurationIsVisible = 0;
			defaultConfigurationName = Release;
		};
		1470513B20B1BEF900F6FBE8 /* Build configuration list for PBXProject "Tonnerre" */ = {
			isa = XCConfigurationList;
			buildConfigurations = (
				1470516720B1BEFB00F6FBE8 /* Debug */,
				1470516820B1BEFB00F6FBE8 /* Release */,
			);
			defaultConfigurationIsVisible = 0;
			defaultConfigurationName = Release;
		};
		1470516920B1BEFB00F6FBE8 /* Build configuration list for PBXNativeTarget "Tonnerre" */ = {
			isa = XCConfigurationList;
			buildConfigurations = (
				1470516A20B1BEFB00F6FBE8 /* Debug */,
				1470516B20B1BEFB00F6FBE8 /* Release */,
			);
			defaultConfigurationIsVisible = 0;
			defaultConfigurationName = Release;
		};
		1470516C20B1BEFB00F6FBE8 /* Build configuration list for PBXNativeTarget "TonnerreTests" */ = {
			isa = XCConfigurationList;
			buildConfigurations = (
				1470516D20B1BEFB00F6FBE8 /* Debug */,
				1470516E20B1BEFB00F6FBE8 /* Release */,
			);
			defaultConfigurationIsVisible = 0;
			defaultConfigurationName = Release;
		};
		1470516F20B1BEFB00F6FBE8 /* Build configuration list for PBXNativeTarget "TonnerreUITests" */ = {
			isa = XCConfigurationList;
			buildConfigurations = (
				1470517020B1BEFB00F6FBE8 /* Debug */,
				1470517120B1BEFB00F6FBE8 /* Release */,
			);
			defaultConfigurationIsVisible = 0;
			defaultConfigurationName = Release;
		};
/* End XCConfigurationList section */

/* Begin XCVersionGroup section */
		146AD8C820C9C09300D9E591 /* TonnerreIndexHelper.xcdatamodeld */ = {
			isa = XCVersionGroup;
			children = (
				146AD8C920C9C09300D9E591 /* TonnerreIndexHelper.xcdatamodel */,
			);
			currentVersion = 146AD8C920C9C09300D9E591 /* TonnerreIndexHelper.xcdatamodel */;
			path = TonnerreIndexHelper.xcdatamodeld;
			sourceTree = "<group>";
			versionGroupType = wrapper.xcdatamodel;
		};
		1470514720B1BEF900F6FBE8 /* Tonnerre.xcdatamodeld */ = {
			isa = XCVersionGroup;
			children = (
				1470514820B1BEF900F6FBE8 /* Tonnerre.xcdatamodel */,
			);
			currentVersion = 1470514820B1BEF900F6FBE8 /* Tonnerre.xcdatamodel */;
			path = Tonnerre.xcdatamodeld;
			sourceTree = "<group>";
			versionGroupType = wrapper.xcdatamodel;
		};
/* End XCVersionGroup section */
	};
	rootObject = 1470513820B1BEF900F6FBE8 /* Project object */;
}
